
Microsoft Visual Studio Solution File, Format Version 12.00
# Visual Studio Version 17
VisualStudioVersion = 17.8.34316.72
MinimumVisualStudioVersion = 10.0.40219.1
Project("{8BC9CEB8-8B4A-11D0-8D11-00A0C91BC942}") = "Main32", "Main32\Main32.vcxproj", "{7A00721F-36FE-4F1F-B487-CE2497BFCB75}"
EndProject
Project("{8BC9CEB8-8B4A-11D0-8D11-00A0C91BC942}") = "MainConsole", "MainConsole\MainConsole.vcxproj", "{781D0EA3-0313-4A3B-908F-71B47469008B}"
EndProject
Project("{8BC9CEB8-8B4A-11D0-8D11-00A0C91BC942}") = "Barebone32", "Barebone32\Barebone32.vcxproj", "{E1F03E51-5F9A-4C3B-AEBB-A58FE5FEDC94}"
EndProject
Project("{8BC9CEB8-8B4A-11D0-8D11-00A0C91BC942}") = "BareboneConsole", "BareboneConsole\BareboneConsole.vcxproj", "{B852A36B-3AC3-4FE2-862D-B2F3D2C9ED05}"
EndProject
Project("{8BC9CEB8-8B4A-11D0-8D11-00A0C91BC942}") = "TString32", "TString32\TString32.vcxproj", "{06187D3B-E8E9-486C-AB04-A2BE8E7554F5}"
EndProject
Project("{8BC9CEB8-8B4A-11D0-8D11-00A0C91BC942}") = "TStringConsole", "TStringConsole\TStringConsole.vcxproj", "{9613C36E-70F9-4EE1-876C-4B81E38C2BB5}"
EndProject
Project("{8BC9CEB8-8B4A-11D0-8D11-00A0C91BC942}") = "Sandbox32", "Sandbox32\Sandbox32.vcxproj", "{C79A1932-503A-46A2-B1F7-66DC8A757043}"
EndProject
Project("{8BC9CEB8-8B4A-11D0-8D11-00A0C91BC942}") = "SandboxConsole", "SandboxConsole\SandboxConsole.vcxproj", "{DD1BBFB1-0964-46DF-B2D4-9A442AB8ABA9}"
EndProject
Project("{8BC9CEB8-8B4A-11D0-8D11-00A0C91BC942}") = "MessageBox32", "MessageBox32\MessageBox32.vcxproj", "{9571062D-7892-4311-9B42-EFD7437F4BBF}"
EndProject
Project("{8BC9CEB8-8B4A-11D0-8D11-00A0C91BC942}") = "ToUpperConsole", "ToUpperConsole\ToUpperConsole.vcxproj", "{372DE627-08C1-42B8-B1EB-59273CE6A16B}"
EndProject
Project("{8BC9CEB8-8B4A-11D0-8D11-00A0C91BC942}") = "ToLowerConsole", "ToLowerConsole\ToLowerConsole.vcxproj", "{DD9F439F-DFF2-466F-8D47-E20EDE61A59A}"
EndProject
Project("{8BC9CEB8-8B4A-11D0-8D11-00A0C91BC942}") = "Strings", "Strings\Strings.vcxproj", "{87CF1A91-E2F6-4C59-A249-A9191D5023A2}"
EndProject
Project("{8BC9CEB8-8B4A-11D0-8D11-00A0C91BC942}") = "LengthConsole", "LengthConsole\LengthConsole.vcxproj", "{2C77E5E4-E847-4BA1-9BF0-A7E76ECF69D3}"
EndProject
Project("{8BC9CEB8-8B4A-11D0-8D11-00A0C91BC942}") = "ArgumentVectorConsole", "ArgumentVectorConsole\ArgumentVectorConsole.vcxproj", "{40E636D5-0C49-4A7E-ADC7-DB6DF5EA5188}"
EndProject
Project("{8BC9CEB8-8B4A-11D0-8D11-00A0C91BC942}") = "SubstringConsole", "SubstringConsole\SubstringConsole.vcxproj", "{47355F18-B6F8-429C-BF7B-3CC008C0F8AE}"
EndProject
Project("{8BC9CEB8-8B4A-11D0-8D11-00A0C91BC942}") = "TextOut32", "TextOut32\TextOut32.vcxproj", "{CE9ED2AF-81E0-407E-AFBF-007965156D62}"
EndProject
Project("{8BC9CEB8-8B4A-11D0-8D11-00A0C91BC942}") = "CmdShow32", "CmdShow32\CmdShow32.vcxproj", "{AA6931F7-5C15-4D16-B7E3-02ACE3CE4300}"
EndProject
Project("{8BC9CEB8-8B4A-11D0-8D11-00A0C91BC942}") = "BackgroundColor32", "BackgroundColor32\BackgroundColor32.vcxproj", "{69439DCE-87F1-4231-B752-283A0DD1A384}"
EndProject
Project("{8BC9CEB8-8B4A-11D0-8D11-00A0C91BC942}") = "RandomBackgroundColor32", "RandomBackgroundColor32\RandomBackgroundColor32.vcxproj", "{7ACC1E9B-4E1E-4AF6-90FF-B17D28C29F32}"
EndProject
Project("{8BC9CEB8-8B4A-11D0-8D11-00A0C91BC942}") = "ArgumentVector32", "ArgumentVector32\ArgumentVector32.vcxproj", "{902D381A-0C46-4901-88C8-F99F3ABA33E6}"
EndProject
Project("{8BC9CEB8-8B4A-11D0-8D11-00A0C91BC942}") = "RandomXY32", "RandomXY32\RandomXY32.vcxproj", "{C23A50B5-9A7D-41ED-9AC0-32A8A2A26FBF}"
EndProject
Project("{8BC9CEB8-8B4A-11D0-8D11-00A0C91BC942}") = "CursosPos32", "CursosPos32\CursosPos32.vcxproj", "{76C174E1-978E-4569-AA0A-E6D601B37E46}"
EndProject
Project("{8BC9CEB8-8B4A-11D0-8D11-00A0C91BC942}") = "RandomCursor32", "RandomCursor32\RandomCursor32.vcxproj", "{27B64071-3DF4-4F19-9360-C4A0AE1A200A}"
EndProject
Project("{8BC9CEB8-8B4A-11D0-8D11-00A0C91BC942}") = "DrawDiagonal32", "DrawDiagonal32\DrawDiagonal32.vcxproj", "{99DA0D5E-9870-41EA-8D92-2A616AAA67F8}"
EndProject
Project("{8BC9CEB8-8B4A-11D0-8D11-00A0C91BC942}") = "DrawEllipse32", "DrawEllipse32\DrawEllipse32.vcxproj", "{67ABB9D8-3B10-415E-A792-09C1BA5158D2}"
EndProject
Project("{8BC9CEB8-8B4A-11D0-8D11-00A0C91BC942}") = "SaveBitmapToFile32", "SaveBitmapToFile32\SaveBitmapToFile32.vcxproj", "{01F22F56-1889-44E8-BC99-A7BAE07FAE7B}"
EndProject
Project("{8BC9CEB8-8B4A-11D0-8D11-00A0C91BC942}") = "ActiveInactive32", "ActiveInactive32\ActiveInactive32.vcxproj", "{A5BC1891-6FB7-476A-A893-955D46A0ACAB}"
EndProject
Project("{8BC9CEB8-8B4A-11D0-8D11-00A0C91BC942}") = "DrawLines32", "DrawLines\DrawLines.vcxproj", "{4D535B7F-34A7-4377-B40F-D6F57635CCBB}"
EndProject
Project("{8BC9CEB8-8B4A-11D0-8D11-00A0C91BC942}") = "OutputDebugString32", "OutputDebugString32\OutputDebugString32.vcxproj", "{B5D24808-9FE6-4CCD-B50D-4AAC77B31552}"
EndProject
Project("{8BC9CEB8-8B4A-11D0-8D11-00A0C91BC942}") = "DrawPentagram32", "DrawPentagram32\DrawPentagram32.vcxproj", "{ADD774C3-3792-4622-8B3F-B6BBBBF7BE00}"
EndProject
Project("{8BC9CEB8-8B4A-11D0-8D11-00A0C91BC942}") = "MyEngine32", "MyEngine32\MyEngine32.vcxproj", "{A16F27F2-B41D-4970-B684-9D8AF7098210}"
EndProject
Project("{8BC9CEB8-8B4A-11D0-8D11-00A0C91BC942}") = "ExamPrepQuestion1Console", "ExamPrepQuestion1Console\ExamPrepQuestion1Console.vcxproj", "{DD11AD10-894E-4D28-AD8C-E6A65B3809D8}"
EndProject
Project("{8BC9CEB8-8B4A-11D0-8D11-00A0C91BC942}") = "ExamPrepQuestion232", "ExamPrepQuestion232\ExamPrepQuestion232.vcxproj", "{85DDF967-D7AD-4D5B-89BA-CB3C22D71B02}"
EndProject
Project("{8BC9CEB8-8B4A-11D0-8D11-00A0C91BC942}") = "ExamPrepQuestion3Console", "ExamPrepQuestion3Console\ExamPrepQuestion3Console.vcxproj", "{AFE8887A-3E60-4FC4-83C3-77B07537C375}"
EndProject
Project("{8BC9CEB8-8B4A-11D0-8D11-00A0C91BC942}") = "TransparentCircle32", "TransparentCircle32\TransparentCircle32.vcxproj", "{6E4FB7EB-3647-453E-873D-C990974C9D5C}"
EndProject
Project("{8BC9CEB8-8B4A-11D0-8D11-00A0C91BC942}") = "SplitCharArrayConsole", "SplitCharArrayConsole\SplitCharArrayConsole.vcxproj", "{6104D4D5-42AB-498D-BBD4-FDE88678B3D1}"
EndProject
Project("{8BC9CEB8-8B4A-11D0-8D11-00A0C91BC942}") = "WcharDemo1Console", "WcharDemo1Console\WcharDemo1Console.vcxproj", "{B67A74B9-E817-441F-9147-BF411691C730}"
EndProject
Global
	GlobalSection(SolutionConfigurationPlatforms) = preSolution
		Debug|x64 = Debug|x64
		Debug|x86 = Debug|x86
		Release|x64 = Release|x64
		Release|x86 = Release|x86
	EndGlobalSection
	GlobalSection(ProjectConfigurationPlatforms) = postSolution
		{7A00721F-36FE-4F1F-B487-CE2497BFCB75}.Debug|x64.ActiveCfg = Debug|x64
		{7A00721F-36FE-4F1F-B487-CE2497BFCB75}.Debug|x64.Build.0 = Debug|x64
		{7A00721F-36FE-4F1F-B487-CE2497BFCB75}.Debug|x86.ActiveCfg = Debug|Win32
		{7A00721F-36FE-4F1F-B487-CE2497BFCB75}.Debug|x86.Build.0 = Debug|Win32
		{7A00721F-36FE-4F1F-B487-CE2497BFCB75}.Release|x64.ActiveCfg = Release|x64
		{7A00721F-36FE-4F1F-B487-CE2497BFCB75}.Release|x64.Build.0 = Release|x64
		{7A00721F-36FE-4F1F-B487-CE2497BFCB75}.Release|x86.ActiveCfg = Release|Win32
		{7A00721F-36FE-4F1F-B487-CE2497BFCB75}.Release|x86.Build.0 = Release|Win32
		{781D0EA3-0313-4A3B-908F-71B47469008B}.Debug|x64.ActiveCfg = Debug|x64
		{781D0EA3-0313-4A3B-908F-71B47469008B}.Debug|x64.Build.0 = Debug|x64
		{781D0EA3-0313-4A3B-908F-71B47469008B}.Debug|x86.ActiveCfg = Debug|Win32
		{781D0EA3-0313-4A3B-908F-71B47469008B}.Debug|x86.Build.0 = Debug|Win32
		{781D0EA3-0313-4A3B-908F-71B47469008B}.Release|x64.ActiveCfg = Release|x64
		{781D0EA3-0313-4A3B-908F-71B47469008B}.Release|x64.Build.0 = Release|x64
		{781D0EA3-0313-4A3B-908F-71B47469008B}.Release|x86.ActiveCfg = Release|Win32
		{781D0EA3-0313-4A3B-908F-71B47469008B}.Release|x86.Build.0 = Release|Win32
		{E1F03E51-5F9A-4C3B-AEBB-A58FE5FEDC94}.Debug|x64.ActiveCfg = Debug|x64
		{E1F03E51-5F9A-4C3B-AEBB-A58FE5FEDC94}.Debug|x64.Build.0 = Debug|x64
		{E1F03E51-5F9A-4C3B-AEBB-A58FE5FEDC94}.Debug|x86.ActiveCfg = Debug|Win32
		{E1F03E51-5F9A-4C3B-AEBB-A58FE5FEDC94}.Debug|x86.Build.0 = Debug|Win32
		{E1F03E51-5F9A-4C3B-AEBB-A58FE5FEDC94}.Release|x64.ActiveCfg = Release|x64
		{E1F03E51-5F9A-4C3B-AEBB-A58FE5FEDC94}.Release|x64.Build.0 = Release|x64
		{E1F03E51-5F9A-4C3B-AEBB-A58FE5FEDC94}.Release|x86.ActiveCfg = Release|Win32
		{E1F03E51-5F9A-4C3B-AEBB-A58FE5FEDC94}.Release|x86.Build.0 = Release|Win32
		{B852A36B-3AC3-4FE2-862D-B2F3D2C9ED05}.Debug|x64.ActiveCfg = Debug|x64
		{B852A36B-3AC3-4FE2-862D-B2F3D2C9ED05}.Debug|x64.Build.0 = Debug|x64
		{B852A36B-3AC3-4FE2-862D-B2F3D2C9ED05}.Debug|x86.ActiveCfg = Debug|Win32
		{B852A36B-3AC3-4FE2-862D-B2F3D2C9ED05}.Debug|x86.Build.0 = Debug|Win32
		{B852A36B-3AC3-4FE2-862D-B2F3D2C9ED05}.Release|x64.ActiveCfg = Release|x64
		{B852A36B-3AC3-4FE2-862D-B2F3D2C9ED05}.Release|x64.Build.0 = Release|x64
		{B852A36B-3AC3-4FE2-862D-B2F3D2C9ED05}.Release|x86.ActiveCfg = Release|Win32
		{B852A36B-3AC3-4FE2-862D-B2F3D2C9ED05}.Release|x86.Build.0 = Release|Win32
		{06187D3B-E8E9-486C-AB04-A2BE8E7554F5}.Debug|x64.ActiveCfg = Debug|x64
		{06187D3B-E8E9-486C-AB04-A2BE8E7554F5}.Debug|x64.Build.0 = Debug|x64
		{06187D3B-E8E9-486C-AB04-A2BE8E7554F5}.Debug|x86.ActiveCfg = Debug|Win32
		{06187D3B-E8E9-486C-AB04-A2BE8E7554F5}.Debug|x86.Build.0 = Debug|Win32
		{06187D3B-E8E9-486C-AB04-A2BE8E7554F5}.Release|x64.ActiveCfg = Release|x64
		{06187D3B-E8E9-486C-AB04-A2BE8E7554F5}.Release|x64.Build.0 = Release|x64
		{06187D3B-E8E9-486C-AB04-A2BE8E7554F5}.Release|x86.ActiveCfg = Release|Win32
		{06187D3B-E8E9-486C-AB04-A2BE8E7554F5}.Release|x86.Build.0 = Release|Win32
		{9613C36E-70F9-4EE1-876C-4B81E38C2BB5}.Debug|x64.ActiveCfg = Debug|x64
		{9613C36E-70F9-4EE1-876C-4B81E38C2BB5}.Debug|x64.Build.0 = Debug|x64
		{9613C36E-70F9-4EE1-876C-4B81E38C2BB5}.Debug|x86.ActiveCfg = Debug|Win32
		{9613C36E-70F9-4EE1-876C-4B81E38C2BB5}.Debug|x86.Build.0 = Debug|Win32
		{9613C36E-70F9-4EE1-876C-4B81E38C2BB5}.Release|x64.ActiveCfg = Release|x64
		{9613C36E-70F9-4EE1-876C-4B81E38C2BB5}.Release|x64.Build.0 = Release|x64
		{9613C36E-70F9-4EE1-876C-4B81E38C2BB5}.Release|x86.ActiveCfg = Release|Win32
		{9613C36E-70F9-4EE1-876C-4B81E38C2BB5}.Release|x86.Build.0 = Release|Win32
		{C79A1932-503A-46A2-B1F7-66DC8A757043}.Debug|x64.ActiveCfg = Debug|x64
		{C79A1932-503A-46A2-B1F7-66DC8A757043}.Debug|x64.Build.0 = Debug|x64
		{C79A1932-503A-46A2-B1F7-66DC8A757043}.Debug|x86.ActiveCfg = Debug|Win32
		{C79A1932-503A-46A2-B1F7-66DC8A757043}.Debug|x86.Build.0 = Debug|Win32
		{C79A1932-503A-46A2-B1F7-66DC8A757043}.Release|x64.ActiveCfg = Release|x64
		{C79A1932-503A-46A2-B1F7-66DC8A757043}.Release|x64.Build.0 = Release|x64
		{C79A1932-503A-46A2-B1F7-66DC8A757043}.Release|x86.ActiveCfg = Release|Win32
		{C79A1932-503A-46A2-B1F7-66DC8A757043}.Release|x86.Build.0 = Release|Win32
		{DD1BBFB1-0964-46DF-B2D4-9A442AB8ABA9}.Debug|x64.ActiveCfg = Debug|x64
		{DD1BBFB1-0964-46DF-B2D4-9A442AB8ABA9}.Debug|x64.Build.0 = Debug|x64
		{DD1BBFB1-0964-46DF-B2D4-9A442AB8ABA9}.Debug|x86.ActiveCfg = Debug|Win32
		{DD1BBFB1-0964-46DF-B2D4-9A442AB8ABA9}.Debug|x86.Build.0 = Debug|Win32
		{DD1BBFB1-0964-46DF-B2D4-9A442AB8ABA9}.Release|x64.ActiveCfg = Release|x64
		{DD1BBFB1-0964-46DF-B2D4-9A442AB8ABA9}.Release|x64.Build.0 = Release|x64
		{DD1BBFB1-0964-46DF-B2D4-9A442AB8ABA9}.Release|x86.ActiveCfg = Release|Win32
		{DD1BBFB1-0964-46DF-B2D4-9A442AB8ABA9}.Release|x86.Build.0 = Release|Win32
		{9571062D-7892-4311-9B42-EFD7437F4BBF}.Debug|x64.ActiveCfg = Debug|x64
		{9571062D-7892-4311-9B42-EFD7437F4BBF}.Debug|x64.Build.0 = Debug|x64
		{9571062D-7892-4311-9B42-EFD7437F4BBF}.Debug|x86.ActiveCfg = Debug|Win32
		{9571062D-7892-4311-9B42-EFD7437F4BBF}.Debug|x86.Build.0 = Debug|Win32
		{9571062D-7892-4311-9B42-EFD7437F4BBF}.Release|x64.ActiveCfg = Release|x64
		{9571062D-7892-4311-9B42-EFD7437F4BBF}.Release|x64.Build.0 = Release|x64
		{9571062D-7892-4311-9B42-EFD7437F4BBF}.Release|x86.ActiveCfg = Release|Win32
		{9571062D-7892-4311-9B42-EFD7437F4BBF}.Release|x86.Build.0 = Release|Win32
		{372DE627-08C1-42B8-B1EB-59273CE6A16B}.Debug|x64.ActiveCfg = Debug|x64
		{372DE627-08C1-42B8-B1EB-59273CE6A16B}.Debug|x64.Build.0 = Debug|x64
		{372DE627-08C1-42B8-B1EB-59273CE6A16B}.Debug|x86.ActiveCfg = Debug|Win32
		{372DE627-08C1-42B8-B1EB-59273CE6A16B}.Debug|x86.Build.0 = Debug|Win32
		{372DE627-08C1-42B8-B1EB-59273CE6A16B}.Release|x64.ActiveCfg = Release|x64
		{372DE627-08C1-42B8-B1EB-59273CE6A16B}.Release|x64.Build.0 = Release|x64
		{372DE627-08C1-42B8-B1EB-59273CE6A16B}.Release|x86.ActiveCfg = Release|Win32
		{372DE627-08C1-42B8-B1EB-59273CE6A16B}.Release|x86.Build.0 = Release|Win32
		{DD9F439F-DFF2-466F-8D47-E20EDE61A59A}.Debug|x64.ActiveCfg = Debug|x64
		{DD9F439F-DFF2-466F-8D47-E20EDE61A59A}.Debug|x64.Build.0 = Debug|x64
		{DD9F439F-DFF2-466F-8D47-E20EDE61A59A}.Debug|x86.ActiveCfg = Debug|Win32
		{DD9F439F-DFF2-466F-8D47-E20EDE61A59A}.Debug|x86.Build.0 = Debug|Win32
		{DD9F439F-DFF2-466F-8D47-E20EDE61A59A}.Release|x64.ActiveCfg = Release|x64
		{DD9F439F-DFF2-466F-8D47-E20EDE61A59A}.Release|x64.Build.0 = Release|x64
		{DD9F439F-DFF2-466F-8D47-E20EDE61A59A}.Release|x86.ActiveCfg = Release|Win32
		{DD9F439F-DFF2-466F-8D47-E20EDE61A59A}.Release|x86.Build.0 = Release|Win32
		{87CF1A91-E2F6-4C59-A249-A9191D5023A2}.Debug|x64.ActiveCfg = Debug|x64
		{87CF1A91-E2F6-4C59-A249-A9191D5023A2}.Debug|x64.Build.0 = Debug|x64
		{87CF1A91-E2F6-4C59-A249-A9191D5023A2}.Debug|x86.ActiveCfg = Debug|Win32
		{87CF1A91-E2F6-4C59-A249-A9191D5023A2}.Debug|x86.Build.0 = Debug|Win32
		{87CF1A91-E2F6-4C59-A249-A9191D5023A2}.Release|x64.ActiveCfg = Release|x64
		{87CF1A91-E2F6-4C59-A249-A9191D5023A2}.Release|x64.Build.0 = Release|x64
		{87CF1A91-E2F6-4C59-A249-A9191D5023A2}.Release|x86.ActiveCfg = Release|Win32
		{87CF1A91-E2F6-4C59-A249-A9191D5023A2}.Release|x86.Build.0 = Release|Win32
		{2C77E5E4-E847-4BA1-9BF0-A7E76ECF69D3}.Debug|x64.ActiveCfg = Debug|x64
		{2C77E5E4-E847-4BA1-9BF0-A7E76ECF69D3}.Debug|x64.Build.0 = Debug|x64
		{2C77E5E4-E847-4BA1-9BF0-A7E76ECF69D3}.Debug|x86.ActiveCfg = Debug|Win32
		{2C77E5E4-E847-4BA1-9BF0-A7E76ECF69D3}.Debug|x86.Build.0 = Debug|Win32
		{2C77E5E4-E847-4BA1-9BF0-A7E76ECF69D3}.Release|x64.ActiveCfg = Release|x64
		{2C77E5E4-E847-4BA1-9BF0-A7E76ECF69D3}.Release|x64.Build.0 = Release|x64
		{2C77E5E4-E847-4BA1-9BF0-A7E76ECF69D3}.Release|x86.ActiveCfg = Release|Win32
		{2C77E5E4-E847-4BA1-9BF0-A7E76ECF69D3}.Release|x86.Build.0 = Release|Win32
		{40E636D5-0C49-4A7E-ADC7-DB6DF5EA5188}.Debug|x64.ActiveCfg = Debug|x64
		{40E636D5-0C49-4A7E-ADC7-DB6DF5EA5188}.Debug|x64.Build.0 = Debug|x64
		{40E636D5-0C49-4A7E-ADC7-DB6DF5EA5188}.Debug|x86.ActiveCfg = Debug|Win32
		{40E636D5-0C49-4A7E-ADC7-DB6DF5EA5188}.Debug|x86.Build.0 = Debug|Win32
		{40E636D5-0C49-4A7E-ADC7-DB6DF5EA5188}.Release|x64.ActiveCfg = Release|x64
		{40E636D5-0C49-4A7E-ADC7-DB6DF5EA5188}.Release|x64.Build.0 = Release|x64
		{40E636D5-0C49-4A7E-ADC7-DB6DF5EA5188}.Release|x86.ActiveCfg = Release|Win32
		{40E636D5-0C49-4A7E-ADC7-DB6DF5EA5188}.Release|x86.Build.0 = Release|Win32
		{47355F18-B6F8-429C-BF7B-3CC008C0F8AE}.Debug|x64.ActiveCfg = Debug|x64
		{47355F18-B6F8-429C-BF7B-3CC008C0F8AE}.Debug|x64.Build.0 = Debug|x64
		{47355F18-B6F8-429C-BF7B-3CC008C0F8AE}.Debug|x86.ActiveCfg = Debug|Win32
		{47355F18-B6F8-429C-BF7B-3CC008C0F8AE}.Debug|x86.Build.0 = Debug|Win32
		{47355F18-B6F8-429C-BF7B-3CC008C0F8AE}.Release|x64.ActiveCfg = Release|x64
		{47355F18-B6F8-429C-BF7B-3CC008C0F8AE}.Release|x64.Build.0 = Release|x64
		{47355F18-B6F8-429C-BF7B-3CC008C0F8AE}.Release|x86.ActiveCfg = Release|Win32
		{47355F18-B6F8-429C-BF7B-3CC008C0F8AE}.Release|x86.Build.0 = Release|Win32
		{CE9ED2AF-81E0-407E-AFBF-007965156D62}.Debug|x64.ActiveCfg = Debug|x64
		{CE9ED2AF-81E0-407E-AFBF-007965156D62}.Debug|x64.Build.0 = Debug|x64
		{CE9ED2AF-81E0-407E-AFBF-007965156D62}.Debug|x86.ActiveCfg = Debug|Win32
		{CE9ED2AF-81E0-407E-AFBF-007965156D62}.Debug|x86.Build.0 = Debug|Win32
		{CE9ED2AF-81E0-407E-AFBF-007965156D62}.Release|x64.ActiveCfg = Release|x64
		{CE9ED2AF-81E0-407E-AFBF-007965156D62}.Release|x64.Build.0 = Release|x64
		{CE9ED2AF-81E0-407E-AFBF-007965156D62}.Release|x86.ActiveCfg = Release|Win32
		{CE9ED2AF-81E0-407E-AFBF-007965156D62}.Release|x86.Build.0 = Release|Win32
		{AA6931F7-5C15-4D16-B7E3-02ACE3CE4300}.Debug|x64.ActiveCfg = Debug|x64
		{AA6931F7-5C15-4D16-B7E3-02ACE3CE4300}.Debug|x64.Build.0 = Debug|x64
		{AA6931F7-5C15-4D16-B7E3-02ACE3CE4300}.Debug|x86.ActiveCfg = Debug|Win32
		{AA6931F7-5C15-4D16-B7E3-02ACE3CE4300}.Debug|x86.Build.0 = Debug|Win32
		{AA6931F7-5C15-4D16-B7E3-02ACE3CE4300}.Release|x64.ActiveCfg = Release|x64
		{AA6931F7-5C15-4D16-B7E3-02ACE3CE4300}.Release|x64.Build.0 = Release|x64
		{AA6931F7-5C15-4D16-B7E3-02ACE3CE4300}.Release|x86.ActiveCfg = Release|Win32
		{AA6931F7-5C15-4D16-B7E3-02ACE3CE4300}.Release|x86.Build.0 = Release|Win32
		{69439DCE-87F1-4231-B752-283A0DD1A384}.Debug|x64.ActiveCfg = Debug|x64
		{69439DCE-87F1-4231-B752-283A0DD1A384}.Debug|x64.Build.0 = Debug|x64
		{69439DCE-87F1-4231-B752-283A0DD1A384}.Debug|x86.ActiveCfg = Debug|Win32
		{69439DCE-87F1-4231-B752-283A0DD1A384}.Debug|x86.Build.0 = Debug|Win32
		{69439DCE-87F1-4231-B752-283A0DD1A384}.Release|x64.ActiveCfg = Release|x64
		{69439DCE-87F1-4231-B752-283A0DD1A384}.Release|x64.Build.0 = Release|x64
		{69439DCE-87F1-4231-B752-283A0DD1A384}.Release|x86.ActiveCfg = Release|Win32
		{69439DCE-87F1-4231-B752-283A0DD1A384}.Release|x86.Build.0 = Release|Win32
		{7ACC1E9B-4E1E-4AF6-90FF-B17D28C29F32}.Debug|x64.ActiveCfg = Debug|x64
		{7ACC1E9B-4E1E-4AF6-90FF-B17D28C29F32}.Debug|x64.Build.0 = Debug|x64
		{7ACC1E9B-4E1E-4AF6-90FF-B17D28C29F32}.Debug|x86.ActiveCfg = Debug|Win32
		{7ACC1E9B-4E1E-4AF6-90FF-B17D28C29F32}.Debug|x86.Build.0 = Debug|Win32
		{7ACC1E9B-4E1E-4AF6-90FF-B17D28C29F32}.Release|x64.ActiveCfg = Release|x64
		{7ACC1E9B-4E1E-4AF6-90FF-B17D28C29F32}.Release|x64.Build.0 = Release|x64
		{7ACC1E9B-4E1E-4AF6-90FF-B17D28C29F32}.Release|x86.ActiveCfg = Release|Win32
		{7ACC1E9B-4E1E-4AF6-90FF-B17D28C29F32}.Release|x86.Build.0 = Release|Win32
		{902D381A-0C46-4901-88C8-F99F3ABA33E6}.Debug|x64.ActiveCfg = Debug|x64
		{902D381A-0C46-4901-88C8-F99F3ABA33E6}.Debug|x64.Build.0 = Debug|x64
		{902D381A-0C46-4901-88C8-F99F3ABA33E6}.Debug|x86.ActiveCfg = Debug|Win32
		{902D381A-0C46-4901-88C8-F99F3ABA33E6}.Debug|x86.Build.0 = Debug|Win32
		{902D381A-0C46-4901-88C8-F99F3ABA33E6}.Release|x64.ActiveCfg = Release|x64
		{902D381A-0C46-4901-88C8-F99F3ABA33E6}.Release|x64.Build.0 = Release|x64
		{902D381A-0C46-4901-88C8-F99F3ABA33E6}.Release|x86.ActiveCfg = Release|Win32
		{902D381A-0C46-4901-88C8-F99F3ABA33E6}.Release|x86.Build.0 = Release|Win32
		{C23A50B5-9A7D-41ED-9AC0-32A8A2A26FBF}.Debug|x64.ActiveCfg = Debug|x64
		{C23A50B5-9A7D-41ED-9AC0-32A8A2A26FBF}.Debug|x64.Build.0 = Debug|x64
		{C23A50B5-9A7D-41ED-9AC0-32A8A2A26FBF}.Debug|x86.ActiveCfg = Debug|Win32
		{C23A50B5-9A7D-41ED-9AC0-32A8A2A26FBF}.Debug|x86.Build.0 = Debug|Win32
		{C23A50B5-9A7D-41ED-9AC0-32A8A2A26FBF}.Release|x64.ActiveCfg = Release|x64
		{C23A50B5-9A7D-41ED-9AC0-32A8A2A26FBF}.Release|x64.Build.0 = Release|x64
		{C23A50B5-9A7D-41ED-9AC0-32A8A2A26FBF}.Release|x86.ActiveCfg = Release|Win32
		{C23A50B5-9A7D-41ED-9AC0-32A8A2A26FBF}.Release|x86.Build.0 = Release|Win32
		{76C174E1-978E-4569-AA0A-E6D601B37E46}.Debug|x64.ActiveCfg = Debug|x64
		{76C174E1-978E-4569-AA0A-E6D601B37E46}.Debug|x64.Build.0 = Debug|x64
		{76C174E1-978E-4569-AA0A-E6D601B37E46}.Debug|x86.ActiveCfg = Debug|Win32
		{76C174E1-978E-4569-AA0A-E6D601B37E46}.Debug|x86.Build.0 = Debug|Win32
		{76C174E1-978E-4569-AA0A-E6D601B37E46}.Release|x64.ActiveCfg = Release|x64
		{76C174E1-978E-4569-AA0A-E6D601B37E46}.Release|x64.Build.0 = Release|x64
		{76C174E1-978E-4569-AA0A-E6D601B37E46}.Release|x86.ActiveCfg = Release|Win32
		{76C174E1-978E-4569-AA0A-E6D601B37E46}.Release|x86.Build.0 = Release|Win32
		{27B64071-3DF4-4F19-9360-C4A0AE1A200A}.Debug|x64.ActiveCfg = Debug|x64
		{27B64071-3DF4-4F19-9360-C4A0AE1A200A}.Debug|x64.Build.0 = Debug|x64
		{27B64071-3DF4-4F19-9360-C4A0AE1A200A}.Debug|x86.ActiveCfg = Debug|Win32
		{27B64071-3DF4-4F19-9360-C4A0AE1A200A}.Debug|x86.Build.0 = Debug|Win32
		{27B64071-3DF4-4F19-9360-C4A0AE1A200A}.Release|x64.ActiveCfg = Release|x64
		{27B64071-3DF4-4F19-9360-C4A0AE1A200A}.Release|x64.Build.0 = Release|x64
		{27B64071-3DF4-4F19-9360-C4A0AE1A200A}.Release|x86.ActiveCfg = Release|Win32
		{27B64071-3DF4-4F19-9360-C4A0AE1A200A}.Release|x86.Build.0 = Release|Win32
		{99DA0D5E-9870-41EA-8D92-2A616AAA67F8}.Debug|x64.ActiveCfg = Debug|x64
		{99DA0D5E-9870-41EA-8D92-2A616AAA67F8}.Debug|x64.Build.0 = Debug|x64
		{99DA0D5E-9870-41EA-8D92-2A616AAA67F8}.Debug|x86.ActiveCfg = Debug|Win32
		{99DA0D5E-9870-41EA-8D92-2A616AAA67F8}.Debug|x86.Build.0 = Debug|Win32
		{99DA0D5E-9870-41EA-8D92-2A616AAA67F8}.Release|x64.ActiveCfg = Release|x64
		{99DA0D5E-9870-41EA-8D92-2A616AAA67F8}.Release|x64.Build.0 = Release|x64
		{99DA0D5E-9870-41EA-8D92-2A616AAA67F8}.Release|x86.ActiveCfg = Release|Win32
		{99DA0D5E-9870-41EA-8D92-2A616AAA67F8}.Release|x86.Build.0 = Release|Win32
		{67ABB9D8-3B10-415E-A792-09C1BA5158D2}.Debug|x64.ActiveCfg = Debug|x64
		{67ABB9D8-3B10-415E-A792-09C1BA5158D2}.Debug|x64.Build.0 = Debug|x64
		{67ABB9D8-3B10-415E-A792-09C1BA5158D2}.Debug|x86.ActiveCfg = Debug|Win32
		{67ABB9D8-3B10-415E-A792-09C1BA5158D2}.Debug|x86.Build.0 = Debug|Win32
		{67ABB9D8-3B10-415E-A792-09C1BA5158D2}.Release|x64.ActiveCfg = Release|x64
		{67ABB9D8-3B10-415E-A792-09C1BA5158D2}.Release|x64.Build.0 = Release|x64
		{67ABB9D8-3B10-415E-A792-09C1BA5158D2}.Release|x86.ActiveCfg = Release|Win32
		{67ABB9D8-3B10-415E-A792-09C1BA5158D2}.Release|x86.Build.0 = Release|Win32
		{01F22F56-1889-44E8-BC99-A7BAE07FAE7B}.Debug|x64.ActiveCfg = Debug|x64
		{01F22F56-1889-44E8-BC99-A7BAE07FAE7B}.Debug|x64.Build.0 = Debug|x64
		{01F22F56-1889-44E8-BC99-A7BAE07FAE7B}.Debug|x86.ActiveCfg = Debug|Win32
		{01F22F56-1889-44E8-BC99-A7BAE07FAE7B}.Debug|x86.Build.0 = Debug|Win32
		{01F22F56-1889-44E8-BC99-A7BAE07FAE7B}.Release|x64.ActiveCfg = Release|x64
		{01F22F56-1889-44E8-BC99-A7BAE07FAE7B}.Release|x64.Build.0 = Release|x64
		{01F22F56-1889-44E8-BC99-A7BAE07FAE7B}.Release|x86.ActiveCfg = Release|Win32
		{01F22F56-1889-44E8-BC99-A7BAE07FAE7B}.Release|x86.Build.0 = Release|Win32
		{A5BC1891-6FB7-476A-A893-955D46A0ACAB}.Debug|x64.ActiveCfg = Debug|x64
		{A5BC1891-6FB7-476A-A893-955D46A0ACAB}.Debug|x64.Build.0 = Debug|x64
		{A5BC1891-6FB7-476A-A893-955D46A0ACAB}.Debug|x86.ActiveCfg = Debug|Win32
		{A5BC1891-6FB7-476A-A893-955D46A0ACAB}.Debug|x86.Build.0 = Debug|Win32
		{A5BC1891-6FB7-476A-A893-955D46A0ACAB}.Release|x64.ActiveCfg = Release|x64
		{A5BC1891-6FB7-476A-A893-955D46A0ACAB}.Release|x64.Build.0 = Release|x64
		{A5BC1891-6FB7-476A-A893-955D46A0ACAB}.Release|x86.ActiveCfg = Release|Win32
		{A5BC1891-6FB7-476A-A893-955D46A0ACAB}.Release|x86.Build.0 = Release|Win32
		{4D535B7F-34A7-4377-B40F-D6F57635CCBB}.Debug|x64.ActiveCfg = Debug|x64
		{4D535B7F-34A7-4377-B40F-D6F57635CCBB}.Debug|x64.Build.0 = Debug|x64
		{4D535B7F-34A7-4377-B40F-D6F57635CCBB}.Debug|x86.ActiveCfg = Debug|Win32
		{4D535B7F-34A7-4377-B40F-D6F57635CCBB}.Debug|x86.Build.0 = Debug|Win32
		{4D535B7F-34A7-4377-B40F-D6F57635CCBB}.Release|x64.ActiveCfg = Release|x64
		{4D535B7F-34A7-4377-B40F-D6F57635CCBB}.Release|x64.Build.0 = Release|x64
		{4D535B7F-34A7-4377-B40F-D6F57635CCBB}.Release|x86.ActiveCfg = Release|Win32
		{4D535B7F-34A7-4377-B40F-D6F57635CCBB}.Release|x86.Build.0 = Release|Win32
		{B5D24808-9FE6-4CCD-B50D-4AAC77B31552}.Debug|x64.ActiveCfg = Debug|x64
		{B5D24808-9FE6-4CCD-B50D-4AAC77B31552}.Debug|x64.Build.0 = Debug|x64
		{B5D24808-9FE6-4CCD-B50D-4AAC77B31552}.Debug|x86.ActiveCfg = Debug|Win32
		{B5D24808-9FE6-4CCD-B50D-4AAC77B31552}.Debug|x86.Build.0 = Debug|Win32
		{B5D24808-9FE6-4CCD-B50D-4AAC77B31552}.Release|x64.ActiveCfg = Release|x64
		{B5D24808-9FE6-4CCD-B50D-4AAC77B31552}.Release|x64.Build.0 = Release|x64
		{B5D24808-9FE6-4CCD-B50D-4AAC77B31552}.Release|x86.ActiveCfg = Release|Win32
		{B5D24808-9FE6-4CCD-B50D-4AAC77B31552}.Release|x86.Build.0 = Release|Win32
		{ADD774C3-3792-4622-8B3F-B6BBBBF7BE00}.Debug|x64.ActiveCfg = Debug|x64
		{ADD774C3-3792-4622-8B3F-B6BBBBF7BE00}.Debug|x64.Build.0 = Debug|x64
		{ADD774C3-3792-4622-8B3F-B6BBBBF7BE00}.Debug|x86.ActiveCfg = Debug|Win32
		{ADD774C3-3792-4622-8B3F-B6BBBBF7BE00}.Debug|x86.Build.0 = Debug|Win32
		{ADD774C3-3792-4622-8B3F-B6BBBBF7BE00}.Release|x64.ActiveCfg = Release|x64
		{ADD774C3-3792-4622-8B3F-B6BBBBF7BE00}.Release|x64.Build.0 = Release|x64
		{ADD774C3-3792-4622-8B3F-B6BBBBF7BE00}.Release|x86.ActiveCfg = Release|Win32
		{ADD774C3-3792-4622-8B3F-B6BBBBF7BE00}.Release|x86.Build.0 = Release|Win32
		{A16F27F2-B41D-4970-B684-9D8AF7098210}.Debug|x64.ActiveCfg = Debug|x64
		{A16F27F2-B41D-4970-B684-9D8AF7098210}.Debug|x64.Build.0 = Debug|x64
		{A16F27F2-B41D-4970-B684-9D8AF7098210}.Debug|x86.ActiveCfg = Debug|Win32
		{A16F27F2-B41D-4970-B684-9D8AF7098210}.Debug|x86.Build.0 = Debug|Win32
		{A16F27F2-B41D-4970-B684-9D8AF7098210}.Release|x64.ActiveCfg = Release|x64
		{A16F27F2-B41D-4970-B684-9D8AF7098210}.Release|x64.Build.0 = Release|x64
		{A16F27F2-B41D-4970-B684-9D8AF7098210}.Release|x86.ActiveCfg = Release|Win32
		{A16F27F2-B41D-4970-B684-9D8AF7098210}.Release|x86.Build.0 = Release|Win32
		{DD11AD10-894E-4D28-AD8C-E6A65B3809D8}.Debug|x64.ActiveCfg = Debug|x64
		{DD11AD10-894E-4D28-AD8C-E6A65B3809D8}.Debug|x64.Build.0 = Debug|x64
		{DD11AD10-894E-4D28-AD8C-E6A65B3809D8}.Debug|x86.ActiveCfg = Debug|Win32
		{DD11AD10-894E-4D28-AD8C-E6A65B3809D8}.Debug|x86.Build.0 = Debug|Win32
		{DD11AD10-894E-4D28-AD8C-E6A65B3809D8}.Release|x64.ActiveCfg = Release|x64
		{DD11AD10-894E-4D28-AD8C-E6A65B3809D8}.Release|x64.Build.0 = Release|x64
		{DD11AD10-894E-4D28-AD8C-E6A65B3809D8}.Release|x86.ActiveCfg = Release|Win32
		{DD11AD10-894E-4D28-AD8C-E6A65B3809D8}.Release|x86.Build.0 = Release|Win32
		{85DDF967-D7AD-4D5B-89BA-CB3C22D71B02}.Debug|x64.ActiveCfg = Debug|x64
		{85DDF967-D7AD-4D5B-89BA-CB3C22D71B02}.Debug|x64.Build.0 = Debug|x64
		{85DDF967-D7AD-4D5B-89BA-CB3C22D71B02}.Debug|x86.ActiveCfg = Debug|Win32
		{85DDF967-D7AD-4D5B-89BA-CB3C22D71B02}.Debug|x86.Build.0 = Debug|Win32
		{85DDF967-D7AD-4D5B-89BA-CB3C22D71B02}.Release|x64.ActiveCfg = Release|x64
		{85DDF967-D7AD-4D5B-89BA-CB3C22D71B02}.Release|x64.Build.0 = Release|x64
		{85DDF967-D7AD-4D5B-89BA-CB3C22D71B02}.Release|x86.ActiveCfg = Release|Win32
		{85DDF967-D7AD-4D5B-89BA-CB3C22D71B02}.Release|x86.Build.0 = Release|Win32
		{AFE8887A-3E60-4FC4-83C3-77B07537C375}.Debug|x64.ActiveCfg = Debug|x64
		{AFE8887A-3E60-4FC4-83C3-77B07537C375}.Debug|x64.Build.0 = Debug|x64
		{AFE8887A-3E60-4FC4-83C3-77B07537C375}.Debug|x86.ActiveCfg = Debug|Win32
		{AFE8887A-3E60-4FC4-83C3-77B07537C375}.Debug|x86.Build.0 = Debug|Win32
		{AFE8887A-3E60-4FC4-83C3-77B07537C375}.Release|x64.ActiveCfg = Release|x64
		{AFE8887A-3E60-4FC4-83C3-77B07537C375}.Release|x64.Build.0 = Release|x64
		{AFE8887A-3E60-4FC4-83C3-77B07537C375}.Release|x86.ActiveCfg = Release|Win32
		{AFE8887A-3E60-4FC4-83C3-77B07537C375}.Release|x86.Build.0 = Release|Win32
		{6E4FB7EB-3647-453E-873D-C990974C9D5C}.Debug|x64.ActiveCfg = Debug|x64
		{6E4FB7EB-3647-453E-873D-C990974C9D5C}.Debug|x64.Build.0 = Debug|x64
		{6E4FB7EB-3647-453E-873D-C990974C9D5C}.Debug|x86.ActiveCfg = Debug|Win32
		{6E4FB7EB-3647-453E-873D-C990974C9D5C}.Debug|x86.Build.0 = Debug|Win32
		{6E4FB7EB-3647-453E-873D-C990974C9D5C}.Release|x64.ActiveCfg = Release|x64
		{6E4FB7EB-3647-453E-873D-C990974C9D5C}.Release|x64.Build.0 = Release|x64
		{6E4FB7EB-3647-453E-873D-C990974C9D5C}.Release|x86.ActiveCfg = Release|Win32
		{6E4FB7EB-3647-453E-873D-C990974C9D5C}.Release|x86.Build.0 = Release|Win32
		{6104D4D5-42AB-498D-BBD4-FDE88678B3D1}.Debug|x64.ActiveCfg = Debug|x64
		{6104D4D5-42AB-498D-BBD4-FDE88678B3D1}.Debug|x64.Build.0 = Debug|x64
		{6104D4D5-42AB-498D-BBD4-FDE88678B3D1}.Debug|x86.ActiveCfg = Debug|Win32
		{6104D4D5-42AB-498D-BBD4-FDE88678B3D1}.Debug|x86.Build.0 = Debug|Win32
		{6104D4D5-42AB-498D-BBD4-FDE88678B3D1}.Release|x64.ActiveCfg = Release|x64
		{6104D4D5-42AB-498D-BBD4-FDE88678B3D1}.Release|x64.Build.0 = Release|x64
		{6104D4D5-42AB-498D-BBD4-FDE88678B3D1}.Release|x86.ActiveCfg = Release|Win32
		{6104D4D5-42AB-498D-BBD4-FDE88678B3D1}.Release|x86.Build.0 = Release|Win32
		{B67A74B9-E817-441F-9147-BF411691C730}.Debug|x64.ActiveCfg = Debug|x64
		{B67A74B9-E817-441F-9147-BF411691C730}.Debug|x64.Build.0 = Debug|x64
		{B67A74B9-E817-441F-9147-BF411691C730}.Debug|x86.ActiveCfg = Debug|Win32
		{B67A74B9-E817-441F-9147-BF411691C730}.Debug|x86.Build.0 = Debug|Win32
		{B67A74B9-E817-441F-9147-BF411691C730}.Release|x64.ActiveCfg = Release|x64
		{B67A74B9-E817-441F-9147-BF411691C730}.Release|x64.Build.0 = Release|x64
		{B67A74B9-E817-441F-9147-BF411691C730}.Release|x86.ActiveCfg = Release|Win32
		{B67A74B9-E817-441F-9147-BF411691C730}.Release|x86.Build.0 = Release|Win32
	EndGlobalSection
	GlobalSection(SolutionProperties) = preSolution
		HideSolutionNode = FALSE
	EndGlobalSection
	GlobalSection(ExtensibilityGlobals) = postSolution
		SolutionGuid = {B9C731F7-6820-4A64-99A0-F2E3AF297255}
	EndGlobalSection
EndGlobal
