
Microsoft Visual Studio Solution File, Format Version 12.00
# Visual Studio Version 17
VisualStudioVersion = 17.8.34316.72
MinimumVisualStudioVersion = 10.0.40219.1
Project("{8BC9CEB8-8B4A-11D0-8D11-00A0C91BC942}") = "MainWin32", "MainWin32\MainWin32.vcxproj", "{7A00721F-36FE-4F1F-B487-CE2497BFCB75}"
EndProject
Project("{8BC9CEB8-8B4A-11D0-8D11-00A0C91BC942}") = "MainConsole", "MainConsole\MainConsole.vcxproj", "{781D0EA3-0313-4A3B-908F-71B47469008B}"
EndProject
Project("{8BC9CEB8-8B4A-11D0-8D11-00A0C91BC942}") = "BareboneWin32", "BareboneWin32\BareboneWin32.vcxproj", "{E1F03E51-5F9A-4C3B-AEBB-A58FE5FEDC94}"
EndProject
Project("{8BC9CEB8-8B4A-11D0-8D11-00A0C91BC942}") = "BareboneConsole", "BareboneConsole\BareboneConsole.vcxproj", "{B852A36B-3AC3-4FE2-862D-B2F3D2C9ED05}"
EndProject
Project("{8BC9CEB8-8B4A-11D0-8D11-00A0C91BC942}") = "TStringWin32", "TStringWin32\TStringWin32.vcxproj", "{06187D3B-E8E9-486C-AB04-A2BE8E7554F5}"
EndProject
Project("{8BC9CEB8-8B4A-11D0-8D11-00A0C91BC942}") = "TStringConsole", "TStringConsole\TStringConsole.vcxproj", "{9613C36E-70F9-4EE1-876C-4B81E38C2BB5}"
EndProject
Project("{8BC9CEB8-8B4A-11D0-8D11-00A0C91BC942}") = "SandboxWin32", "SandboxWin32\SandboxWin32.vcxproj", "{C79A1932-503A-46A2-B1F7-66DC8A757043}"
EndProject
Project("{8BC9CEB8-8B4A-11D0-8D11-00A0C91BC942}") = "SandboxConsole", "SandboxConsole\SandboxConsole.vcxproj", "{DD1BBFB1-0964-46DF-B2D4-9A442AB8ABA9}"
EndProject
Project("{8BC9CEB8-8B4A-11D0-8D11-00A0C91BC942}") = "MessageBoxWin32", "MessageBoxWin32\MessageBoxWin32.vcxproj", "{9571062D-7892-4311-9B42-EFD7437F4BBF}"
EndProject
Project("{8BC9CEB8-8B4A-11D0-8D11-00A0C91BC942}") = "ToUpperConsole", "ToUpperConsole\ToUpperConsole.vcxproj", "{372DE627-08C1-42B8-B1EB-59273CE6A16B}"
EndProject
Project("{8BC9CEB8-8B4A-11D0-8D11-00A0C91BC942}") = "ToLowerConsole", "ToLowerConsole\ToLowerConsole.vcxproj", "{DD9F439F-DFF2-466F-8D47-E20EDE61A59A}"
EndProject
Project("{8BC9CEB8-8B4A-11D0-8D11-00A0C91BC942}") = "StringsConsole", "StringsConsole\StringsConsole.vcxproj", "{87CF1A91-E2F6-4C59-A249-A9191D5023A2}"
EndProject
Project("{8BC9CEB8-8B4A-11D0-8D11-00A0C91BC942}") = "LengthConsole", "LengthConsole\LengthConsole.vcxproj", "{2C77E5E4-E847-4BA1-9BF0-A7E76ECF69D3}"
EndProject
Project("{8BC9CEB8-8B4A-11D0-8D11-00A0C91BC942}") = "ArgumentVectorConsole", "ArgumentVectorConsole\ArgumentVectorConsole.vcxproj", "{40E636D5-0C49-4A7E-ADC7-DB6DF5EA5188}"
EndProject
Project("{8BC9CEB8-8B4A-11D0-8D11-00A0C91BC942}") = "SubstringConsole", "SubstringConsole\SubstringConsole.vcxproj", "{47355F18-B6F8-429C-BF7B-3CC008C0F8AE}"
EndProject
Project("{8BC9CEB8-8B4A-11D0-8D11-00A0C91BC942}") = "TextOutWin32", "TextOutWin32\TextOutWin32.vcxproj", "{CE9ED2AF-81E0-407E-AFBF-007965156D62}"
EndProject
Project("{8BC9CEB8-8B4A-11D0-8D11-00A0C91BC942}") = "CmdShowWin32", "CmdShowWin32\CmdShowWin32.vcxproj", "{AA6931F7-5C15-4D16-B7E3-02ACE3CE4300}"
EndProject
Project("{8BC9CEB8-8B4A-11D0-8D11-00A0C91BC942}") = "BackgroundColorWin32", "BackgroundColorWin32\BackgroundColorWin32.vcxproj", "{69439DCE-87F1-4231-B752-283A0DD1A384}"
EndProject
Project("{8BC9CEB8-8B4A-11D0-8D11-00A0C91BC942}") = "RandomBackgroundColorWin32", "RandomBackgroundColorWin32\RandomBackgroundColorWin32.vcxproj", "{7ACC1E9B-4E1E-4AF6-90FF-B17D28C29F32}"
EndProject
Project("{8BC9CEB8-8B4A-11D0-8D11-00A0C91BC942}") = "ArgumentVectorWin32", "ArgumentVectorWin32\ArgumentVectorWin32.vcxproj", "{902D381A-0C46-4901-88C8-F99F3ABA33E6}"
EndProject
Project("{8BC9CEB8-8B4A-11D0-8D11-00A0C91BC942}") = "RandomXYWin32", "RandomXYWin32\RandomXYWin32.vcxproj", "{C23A50B5-9A7D-41ED-9AC0-32A8A2A26FBF}"
EndProject
Project("{8BC9CEB8-8B4A-11D0-8D11-00A0C91BC942}") = "CursosPosWin32", "CursosPosWin32\CursosPosWin32.vcxproj", "{76C174E1-978E-4569-AA0A-E6D601B37E46}"
EndProject
Project("{8BC9CEB8-8B4A-11D0-8D11-00A0C91BC942}") = "RandomCursorWin32", "RandomCursorWin32\RandomCursorWin32.vcxproj", "{27B64071-3DF4-4F19-9360-C4A0AE1A200A}"
EndProject
Project("{8BC9CEB8-8B4A-11D0-8D11-00A0C91BC942}") = "DrawDiagonalWin32", "DrawDiagonalWin32\DrawDiagonalWin32.vcxproj", "{99DA0D5E-9870-41EA-8D92-2A616AAA67F8}"
EndProject
Project("{8BC9CEB8-8B4A-11D0-8D11-00A0C91BC942}") = "DrawEllipseWin32", "DrawEllipseWin32\DrawEllipseWin32.vcxproj", "{67ABB9D8-3B10-415E-A792-09C1BA5158D2}"
EndProject
Project("{8BC9CEB8-8B4A-11D0-8D11-00A0C91BC942}") = "SaveBitmapToFileWin32", "SaveBitmapToFileWin32\SaveBitmapToFileWin32.vcxproj", "{01F22F56-1889-44E8-BC99-A7BAE07FAE7B}"
EndProject
Project("{8BC9CEB8-8B4A-11D0-8D11-00A0C91BC942}") = "ActiveInactiveWin32", "ActiveInactiveWin32\ActiveInactiveWin32.vcxproj", "{A5BC1891-6FB7-476A-A893-955D46A0ACAB}"
EndProject
Project("{8BC9CEB8-8B4A-11D0-8D11-00A0C91BC942}") = "DrawLines32", "DrawLinesWin32\DrawLinesWin32.vcxproj", "{4D535B7F-34A7-4377-B40F-D6F57635CCBB}"
EndProject
Project("{8BC9CEB8-8B4A-11D0-8D11-00A0C91BC942}") = "OutputDebugStringWin32", "OutputDebugStringWin32\OutputDebugStringWin32.vcxproj", "{B5D24808-9FE6-4CCD-B50D-4AAC77B31552}"
EndProject
Project("{8BC9CEB8-8B4A-11D0-8D11-00A0C91BC942}") = "DrawPentagramWin32", "DrawPentagramWin32\DrawPentagramWin32.vcxproj", "{ADD774C3-3792-4622-8B3F-B6BBBBF7BE00}"
EndProject
Project("{8BC9CEB8-8B4A-11D0-8D11-00A0C91BC942}") = "MyEngineWin32", "MyEngineWin32\MyEngineWin32.vcxproj", "{A16F27F2-B41D-4970-B684-9D8AF7098210}"
EndProject
Project("{8BC9CEB8-8B4A-11D0-8D11-00A0C91BC942}") = "ExamPrepQuestion1Console", "ExamPrepQuestion1Console\ExamPrepQuestion1Console.vcxproj", "{DD11AD10-894E-4D28-AD8C-E6A65B3809D8}"
EndProject
Project("{8BC9CEB8-8B4A-11D0-8D11-00A0C91BC942}") = "ExamPrepQuestion2Win32", "ExamPrepQuestion2Win32\ExamPrepQuestion2Win32.vcxproj", "{85DDF967-D7AD-4D5B-89BA-CB3C22D71B02}"
EndProject
Project("{8BC9CEB8-8B4A-11D0-8D11-00A0C91BC942}") = "ExamPrepQuestion3Console", "ExamPrepQuestion3Console\ExamPrepQuestion3Console.vcxproj", "{AFE8887A-3E60-4FC4-83C3-77B07537C375}"
EndProject
Project("{8BC9CEB8-8B4A-11D0-8D11-00A0C91BC942}") = "TransparentCircleWin32", "TransparentCircleWin32\TransparentCircleWin32.vcxproj", "{6E4FB7EB-3647-453E-873D-C990974C9D5C}"
EndProject
Project("{8BC9CEB8-8B4A-11D0-8D11-00A0C91BC942}") = "DemoString1Console", "DemoString1Console\DemoString1Console.vcxproj", "{59EE89F4-9C8A-4217-8224-8B4AE8DDB7CB}"
EndProject
Project("{8BC9CEB8-8B4A-11D0-8D11-00A0C91BC942}") = "DemoString2Console", "DemoString2Console\DemoString2Console.vcxproj", "{49CC9C2F-C25F-4DF4-812C-5114CBE5C387}"
EndProject
Project("{8BC9CEB8-8B4A-11D0-8D11-00A0C91BC942}") = "DemoWchar1Console", "DemoWchar1Console\DemoWchar1Console.vcxproj", "{27A4BBD8-826A-46CA-8184-2C0476424410}"
EndProject
Project("{8BC9CEB8-8B4A-11D0-8D11-00A0C91BC942}") = "DemoWchar2Console", "DemoWchar2Console\DemoWchar2Console.vcxproj", "{74EEC6F3-E02B-4AD5-8405-EFAB37567375}"
EndProject
Project("{8BC9CEB8-8B4A-11D0-8D11-00A0C91BC942}") = "BareboneGE7", "BareboneGE7\BareboneGE7.vcxproj", "{2AB0B9EB-56A2-461A-81FB-7947B5CA8E69}"
EndProject
Project("{8BC9CEB8-8B4A-11D0-8D11-00A0C91BC942}") = "DemoSoundboardGE7", "DemoSoundboardGE7\DemoSoundboardGE7.vcxproj", "{9D81065E-E98E-44E6-9A67-3272A1F5DCA2}"
EndProject
Project("{8BC9CEB8-8B4A-11D0-8D11-00A0C91BC942}") = "DemoMyFirstApplicationWin32", "DemoMyFirstApplicationWin32\DemoMyFirstApplicationWin32.vcxproj", "{E9421761-E2BA-4755-92E8-8775DA435160}"
EndProject
Project("{8BC9CEB8-8B4A-11D0-8D11-00A0C91BC942}") = "DemoMyApplicationWin32", "DemoMyApplicationWin32\DemoMyApplicationWin32.vcxproj", "{F2AEEF21-5877-45C7-B26A-940F3708E08E}"
EndProject
Project("{8BC9CEB8-8B4A-11D0-8D11-00A0C91BC942}") = "DemoMyApplicationSingletonWin32", "DemoMyApplicationSingletonWin32\DemoMyApplicationSingletonWin32.vcxproj", "{9D6CF085-D64A-4767-ABD7-131114FC3F3A}"
EndProject
Project("{8BC9CEB8-8B4A-11D0-8D11-00A0C91BC942}") = "ButtonsAndTextboxesGE7", "ButtonsAndTextboxesGE7\ButtonsAndTextboxesGE7.vcxproj", "{3ED6FB78-D165-47F8-8CA1-4B77C746FD7E}"
EndProject
Project("{8BC9CEB8-8B4A-11D0-8D11-00A0C91BC942}") = "DemoGetScreenDataGE7", "DemoGetScreenDataGE7\DemoGetScreenDataGE7.vcxproj", "{85863B95-FAC3-4CD5-8747-752EEF3570BA}"
EndProject
Project("{8BC9CEB8-8B4A-11D0-8D11-00A0C91BC942}") = "DemoExceptionConsole", "DemoExceptionConsole\DemoExceptionConsole.vcxproj", "{FF4CAFB3-FC75-450A-A33D-2E858ECFD988}"
EndProject
Project("{8BC9CEB8-8B4A-11D0-8D11-00A0C91BC942}") = "DemoCustomExceptionConsole", "DemoCustomExceptionConsole\DemoCustomExceptionConsole.vcxproj", "{79CBD9A9-F14B-4436-A5E2-E6633655C815}"
EndProject
Project("{8BC9CEB8-8B4A-11D0-8D11-00A0C91BC942}") = "DemoExceptionsGE7", "DemoExceptionsGE7\DemoExceptionsGE7.vcxproj", "{E437F896-E1E6-4C68-A3A3-0D69EF977B81}"
EndProject
Project("{8BC9CEB8-8B4A-11D0-8D11-00A0C91BC942}") = "DemoPreprocessorConsole", "DemoPreprocessorConsole\DemoPreprocessorConsole.vcxproj", "{A2F31F79-238C-43D5-9515-4EFF6E014C73}"
EndProject
Project("{8BC9CEB8-8B4A-11D0-8D11-00A0C91BC942}") = "DemoMyUniquePointerConsole", "DemoMyUniquePointerConsole\DemoMyUniquePointerConsole.vcxproj", "{142D8C21-1541-4008-898B-68813AC87449}"
EndProject
Project("{8BC9CEB8-8B4A-11D0-8D11-00A0C91BC942}") = "DemoRedAlertGE7", "DemoRedAlertGE7\DemoRedAlertGE7.vcxproj", "{A34CAE1F-09E1-4A0A-9237-CF5FCCF272E7}"
EndProject
Project("{8BC9CEB8-8B4A-11D0-8D11-00A0C91BC942}") = "DemoNumbersConsole", "DemoNumbersConsole\DemoNumbersConsole.vcxproj", "{2506E531-40A2-47EB-AEAC-862349E05AB1}"
EndProject
Project("{8BC9CEB8-8B4A-11D0-8D11-00A0C91BC942}") = "DemoCalculatorExceptionsGE7", "DemoCalculatorExceptionsGE7\DemoCalculatorExceptionsGE7.vcxproj", "{77AB4C64-3C1D-4500-B32C-BA99F35881B0}"
EndProject
Project("{8BC9CEB8-8B4A-11D0-8D11-00A0C91BC942}") = "DemoCalculatorSmartPointersGE7", "DemoCalculatorSmartPointersGE7\DemoCalculatorSmartPointersGE7.vcxproj", "{3736B2D1-11B1-419D-BCD6-118E7F5DC9B1}"
EndProject
Project("{8BC9CEB8-8B4A-11D0-8D11-00A0C91BC942}") = "DemoCallableObjectsConsole", "DemoCallableObjectsConsole\DemoCallableObjectsConsole.vcxproj", "{BB447E42-5854-4102-9BD8-68ECFBAD6F9B}"
EndProject
Project("{8BC9CEB8-8B4A-11D0-8D11-00A0C91BC942}") = "DemoMyOwnAlgorithmFunctionConsole", "DemoMyOwnAlgorithmFunctionConsole\DemoMyOwnAlgorithmFunctionConsole.vcxproj", "{2D4C688D-9BF0-43F4-8AB7-7E3988975242}"
EndProject
Project("{8BC9CEB8-8B4A-11D0-8D11-00A0C91BC942}") = "DemoSTLAlgorithmsConsole", "DemoSTLAlgorithmsConsole\DemoSTLAlgorithmsConsole.vcxproj", "{30B754D2-26F4-4974-8848-1C09FCF2FB96}"
EndProject
Project("{8BC9CEB8-8B4A-11D0-8D11-00A0C91BC942}") = "DemoFileSystemConsole", "DemoFileSystemConsole\DemoFileSystemConsole.vcxproj", "{05258BE7-836E-4AA0-8DAC-A649B7F3A5FF}"
EndProject
Project("{8BC9CEB8-8B4A-11D0-8D11-00A0C91BC942}") = "DetectShapeOnScreenGE7", "DetectShapeOnScreenGE7\DetectShapeOnScreenGE7.vcxproj", "{47446730-C569-46BC-8440-6B8FB1A49282}"
EndProject
Project("{8BC9CEB8-8B4A-11D0-8D11-00A0C91BC942}") = "ExamPrepQuestion4GE7", "ExamPrepQuestion4GE7\ExamPrepQuestion4GE7.vcxproj", "{D7313D89-A4D0-4977-A7F6-BE3E9C2C8848}"
EndProject
Project("{8BC9CEB8-8B4A-11D0-8D11-00A0C91BC942}") = "DemoEndianTestConsole", "DemoEndianTestConsole\DemoEndianTestConsole.vcxproj", "{00FF531D-FFF8-4FF0-BDC9-BF358E401246}"
EndProject
Project("{8BC9CEB8-8B4A-11D0-8D11-00A0C91BC942}") = "BinaryReaderWriterConsole", "BinaryReaderWriterConsole\BinaryReaderWriterConsole.vcxproj", "{A3DC34D5-9D6A-4863-90BB-8EA926B4707D}"
EndProject
Global
	GlobalSection(SolutionConfigurationPlatforms) = preSolution
		Debug|x64 = Debug|x64
		Debug|x86 = Debug|x86
		Release|x64 = Release|x64
		Release|x86 = Release|x86
	EndGlobalSection
	GlobalSection(ProjectConfigurationPlatforms) = postSolution
		{7A00721F-36FE-4F1F-B487-CE2497BFCB75}.Debug|x64.ActiveCfg = Debug|x64
		{7A00721F-36FE-4F1F-B487-CE2497BFCB75}.Debug|x64.Build.0 = Debug|x64
		{7A00721F-36FE-4F1F-B487-CE2497BFCB75}.Debug|x86.ActiveCfg = Debug|Win32
		{7A00721F-36FE-4F1F-B487-CE2497BFCB75}.Debug|x86.Build.0 = Debug|Win32
		{7A00721F-36FE-4F1F-B487-CE2497BFCB75}.Release|x64.ActiveCfg = Release|x64
		{7A00721F-36FE-4F1F-B487-CE2497BFCB75}.Release|x64.Build.0 = Release|x64
		{7A00721F-36FE-4F1F-B487-CE2497BFCB75}.Release|x86.ActiveCfg = Release|Win32
		{7A00721F-36FE-4F1F-B487-CE2497BFCB75}.Release|x86.Build.0 = Release|Win32
		{781D0EA3-0313-4A3B-908F-71B47469008B}.Debug|x64.ActiveCfg = Debug|x64
		{781D0EA3-0313-4A3B-908F-71B47469008B}.Debug|x64.Build.0 = Debug|x64
		{781D0EA3-0313-4A3B-908F-71B47469008B}.Debug|x86.ActiveCfg = Debug|Win32
		{781D0EA3-0313-4A3B-908F-71B47469008B}.Debug|x86.Build.0 = Debug|Win32
		{781D0EA3-0313-4A3B-908F-71B47469008B}.Release|x64.ActiveCfg = Release|x64
		{781D0EA3-0313-4A3B-908F-71B47469008B}.Release|x64.Build.0 = Release|x64
		{781D0EA3-0313-4A3B-908F-71B47469008B}.Release|x86.ActiveCfg = Release|Win32
		{781D0EA3-0313-4A3B-908F-71B47469008B}.Release|x86.Build.0 = Release|Win32
		{E1F03E51-5F9A-4C3B-AEBB-A58FE5FEDC94}.Debug|x64.ActiveCfg = Debug|x64
		{E1F03E51-5F9A-4C3B-AEBB-A58FE5FEDC94}.Debug|x64.Build.0 = Debug|x64
		{E1F03E51-5F9A-4C3B-AEBB-A58FE5FEDC94}.Debug|x86.ActiveCfg = Debug|Win32
		{E1F03E51-5F9A-4C3B-AEBB-A58FE5FEDC94}.Debug|x86.Build.0 = Debug|Win32
		{E1F03E51-5F9A-4C3B-AEBB-A58FE5FEDC94}.Release|x64.ActiveCfg = Release|x64
		{E1F03E51-5F9A-4C3B-AEBB-A58FE5FEDC94}.Release|x64.Build.0 = Release|x64
		{E1F03E51-5F9A-4C3B-AEBB-A58FE5FEDC94}.Release|x86.ActiveCfg = Release|Win32
		{E1F03E51-5F9A-4C3B-AEBB-A58FE5FEDC94}.Release|x86.Build.0 = Release|Win32
		{B852A36B-3AC3-4FE2-862D-B2F3D2C9ED05}.Debug|x64.ActiveCfg = Debug|x64
		{B852A36B-3AC3-4FE2-862D-B2F3D2C9ED05}.Debug|x64.Build.0 = Debug|x64
		{B852A36B-3AC3-4FE2-862D-B2F3D2C9ED05}.Debug|x86.ActiveCfg = Debug|Win32
		{B852A36B-3AC3-4FE2-862D-B2F3D2C9ED05}.Debug|x86.Build.0 = Debug|Win32
		{B852A36B-3AC3-4FE2-862D-B2F3D2C9ED05}.Release|x64.ActiveCfg = Release|x64
		{B852A36B-3AC3-4FE2-862D-B2F3D2C9ED05}.Release|x64.Build.0 = Release|x64
		{B852A36B-3AC3-4FE2-862D-B2F3D2C9ED05}.Release|x86.ActiveCfg = Release|Win32
		{B852A36B-3AC3-4FE2-862D-B2F3D2C9ED05}.Release|x86.Build.0 = Release|Win32
		{06187D3B-E8E9-486C-AB04-A2BE8E7554F5}.Debug|x64.ActiveCfg = Debug|x64
		{06187D3B-E8E9-486C-AB04-A2BE8E7554F5}.Debug|x64.Build.0 = Debug|x64
		{06187D3B-E8E9-486C-AB04-A2BE8E7554F5}.Debug|x86.ActiveCfg = Debug|Win32
		{06187D3B-E8E9-486C-AB04-A2BE8E7554F5}.Debug|x86.Build.0 = Debug|Win32
		{06187D3B-E8E9-486C-AB04-A2BE8E7554F5}.Release|x64.ActiveCfg = Release|x64
		{06187D3B-E8E9-486C-AB04-A2BE8E7554F5}.Release|x64.Build.0 = Release|x64
		{06187D3B-E8E9-486C-AB04-A2BE8E7554F5}.Release|x86.ActiveCfg = Release|Win32
		{06187D3B-E8E9-486C-AB04-A2BE8E7554F5}.Release|x86.Build.0 = Release|Win32
		{9613C36E-70F9-4EE1-876C-4B81E38C2BB5}.Debug|x64.ActiveCfg = Debug|x64
		{9613C36E-70F9-4EE1-876C-4B81E38C2BB5}.Debug|x64.Build.0 = Debug|x64
		{9613C36E-70F9-4EE1-876C-4B81E38C2BB5}.Debug|x86.ActiveCfg = Debug|Win32
		{9613C36E-70F9-4EE1-876C-4B81E38C2BB5}.Debug|x86.Build.0 = Debug|Win32
		{9613C36E-70F9-4EE1-876C-4B81E38C2BB5}.Release|x64.ActiveCfg = Release|x64
		{9613C36E-70F9-4EE1-876C-4B81E38C2BB5}.Release|x64.Build.0 = Release|x64
		{9613C36E-70F9-4EE1-876C-4B81E38C2BB5}.Release|x86.ActiveCfg = Release|Win32
		{9613C36E-70F9-4EE1-876C-4B81E38C2BB5}.Release|x86.Build.0 = Release|Win32
		{C79A1932-503A-46A2-B1F7-66DC8A757043}.Debug|x64.ActiveCfg = Debug|x64
		{C79A1932-503A-46A2-B1F7-66DC8A757043}.Debug|x64.Build.0 = Debug|x64
		{C79A1932-503A-46A2-B1F7-66DC8A757043}.Debug|x86.ActiveCfg = Debug|Win32
		{C79A1932-503A-46A2-B1F7-66DC8A757043}.Debug|x86.Build.0 = Debug|Win32
		{C79A1932-503A-46A2-B1F7-66DC8A757043}.Release|x64.ActiveCfg = Release|x64
		{C79A1932-503A-46A2-B1F7-66DC8A757043}.Release|x64.Build.0 = Release|x64
		{C79A1932-503A-46A2-B1F7-66DC8A757043}.Release|x86.ActiveCfg = Release|Win32
		{C79A1932-503A-46A2-B1F7-66DC8A757043}.Release|x86.Build.0 = Release|Win32
		{DD1BBFB1-0964-46DF-B2D4-9A442AB8ABA9}.Debug|x64.ActiveCfg = Debug|x64
		{DD1BBFB1-0964-46DF-B2D4-9A442AB8ABA9}.Debug|x64.Build.0 = Debug|x64
		{DD1BBFB1-0964-46DF-B2D4-9A442AB8ABA9}.Debug|x86.ActiveCfg = Debug|Win32
		{DD1BBFB1-0964-46DF-B2D4-9A442AB8ABA9}.Debug|x86.Build.0 = Debug|Win32
		{DD1BBFB1-0964-46DF-B2D4-9A442AB8ABA9}.Release|x64.ActiveCfg = Release|x64
		{DD1BBFB1-0964-46DF-B2D4-9A442AB8ABA9}.Release|x64.Build.0 = Release|x64
		{DD1BBFB1-0964-46DF-B2D4-9A442AB8ABA9}.Release|x86.ActiveCfg = Release|Win32
		{DD1BBFB1-0964-46DF-B2D4-9A442AB8ABA9}.Release|x86.Build.0 = Release|Win32
		{9571062D-7892-4311-9B42-EFD7437F4BBF}.Debug|x64.ActiveCfg = Debug|x64
		{9571062D-7892-4311-9B42-EFD7437F4BBF}.Debug|x64.Build.0 = Debug|x64
		{9571062D-7892-4311-9B42-EFD7437F4BBF}.Debug|x86.ActiveCfg = Debug|Win32
		{9571062D-7892-4311-9B42-EFD7437F4BBF}.Debug|x86.Build.0 = Debug|Win32
		{9571062D-7892-4311-9B42-EFD7437F4BBF}.Release|x64.ActiveCfg = Release|x64
		{9571062D-7892-4311-9B42-EFD7437F4BBF}.Release|x64.Build.0 = Release|x64
		{9571062D-7892-4311-9B42-EFD7437F4BBF}.Release|x86.ActiveCfg = Release|Win32
		{9571062D-7892-4311-9B42-EFD7437F4BBF}.Release|x86.Build.0 = Release|Win32
		{372DE627-08C1-42B8-B1EB-59273CE6A16B}.Debug|x64.ActiveCfg = Debug|x64
		{372DE627-08C1-42B8-B1EB-59273CE6A16B}.Debug|x64.Build.0 = Debug|x64
		{372DE627-08C1-42B8-B1EB-59273CE6A16B}.Debug|x86.ActiveCfg = Debug|Win32
		{372DE627-08C1-42B8-B1EB-59273CE6A16B}.Debug|x86.Build.0 = Debug|Win32
		{372DE627-08C1-42B8-B1EB-59273CE6A16B}.Release|x64.ActiveCfg = Release|x64
		{372DE627-08C1-42B8-B1EB-59273CE6A16B}.Release|x64.Build.0 = Release|x64
		{372DE627-08C1-42B8-B1EB-59273CE6A16B}.Release|x86.ActiveCfg = Release|Win32
		{372DE627-08C1-42B8-B1EB-59273CE6A16B}.Release|x86.Build.0 = Release|Win32
		{DD9F439F-DFF2-466F-8D47-E20EDE61A59A}.Debug|x64.ActiveCfg = Debug|x64
		{DD9F439F-DFF2-466F-8D47-E20EDE61A59A}.Debug|x64.Build.0 = Debug|x64
		{DD9F439F-DFF2-466F-8D47-E20EDE61A59A}.Debug|x86.ActiveCfg = Debug|Win32
		{DD9F439F-DFF2-466F-8D47-E20EDE61A59A}.Debug|x86.Build.0 = Debug|Win32
		{DD9F439F-DFF2-466F-8D47-E20EDE61A59A}.Release|x64.ActiveCfg = Release|x64
		{DD9F439F-DFF2-466F-8D47-E20EDE61A59A}.Release|x64.Build.0 = Release|x64
		{DD9F439F-DFF2-466F-8D47-E20EDE61A59A}.Release|x86.ActiveCfg = Release|Win32
		{DD9F439F-DFF2-466F-8D47-E20EDE61A59A}.Release|x86.Build.0 = Release|Win32
		{87CF1A91-E2F6-4C59-A249-A9191D5023A2}.Debug|x64.ActiveCfg = Debug|x64
		{87CF1A91-E2F6-4C59-A249-A9191D5023A2}.Debug|x64.Build.0 = Debug|x64
		{87CF1A91-E2F6-4C59-A249-A9191D5023A2}.Debug|x86.ActiveCfg = Debug|Win32
		{87CF1A91-E2F6-4C59-A249-A9191D5023A2}.Debug|x86.Build.0 = Debug|Win32
		{87CF1A91-E2F6-4C59-A249-A9191D5023A2}.Release|x64.ActiveCfg = Release|x64
		{87CF1A91-E2F6-4C59-A249-A9191D5023A2}.Release|x64.Build.0 = Release|x64
		{87CF1A91-E2F6-4C59-A249-A9191D5023A2}.Release|x86.ActiveCfg = Release|Win32
		{87CF1A91-E2F6-4C59-A249-A9191D5023A2}.Release|x86.Build.0 = Release|Win32
		{2C77E5E4-E847-4BA1-9BF0-A7E76ECF69D3}.Debug|x64.ActiveCfg = Debug|x64
		{2C77E5E4-E847-4BA1-9BF0-A7E76ECF69D3}.Debug|x64.Build.0 = Debug|x64
		{2C77E5E4-E847-4BA1-9BF0-A7E76ECF69D3}.Debug|x86.ActiveCfg = Debug|Win32
		{2C77E5E4-E847-4BA1-9BF0-A7E76ECF69D3}.Debug|x86.Build.0 = Debug|Win32
		{2C77E5E4-E847-4BA1-9BF0-A7E76ECF69D3}.Release|x64.ActiveCfg = Release|x64
		{2C77E5E4-E847-4BA1-9BF0-A7E76ECF69D3}.Release|x64.Build.0 = Release|x64
		{2C77E5E4-E847-4BA1-9BF0-A7E76ECF69D3}.Release|x86.ActiveCfg = Release|Win32
		{2C77E5E4-E847-4BA1-9BF0-A7E76ECF69D3}.Release|x86.Build.0 = Release|Win32
		{40E636D5-0C49-4A7E-ADC7-DB6DF5EA5188}.Debug|x64.ActiveCfg = Debug|x64
		{40E636D5-0C49-4A7E-ADC7-DB6DF5EA5188}.Debug|x64.Build.0 = Debug|x64
		{40E636D5-0C49-4A7E-ADC7-DB6DF5EA5188}.Debug|x86.ActiveCfg = Debug|Win32
		{40E636D5-0C49-4A7E-ADC7-DB6DF5EA5188}.Debug|x86.Build.0 = Debug|Win32
		{40E636D5-0C49-4A7E-ADC7-DB6DF5EA5188}.Release|x64.ActiveCfg = Release|x64
		{40E636D5-0C49-4A7E-ADC7-DB6DF5EA5188}.Release|x64.Build.0 = Release|x64
		{40E636D5-0C49-4A7E-ADC7-DB6DF5EA5188}.Release|x86.ActiveCfg = Release|Win32
		{40E636D5-0C49-4A7E-ADC7-DB6DF5EA5188}.Release|x86.Build.0 = Release|Win32
		{47355F18-B6F8-429C-BF7B-3CC008C0F8AE}.Debug|x64.ActiveCfg = Debug|x64
		{47355F18-B6F8-429C-BF7B-3CC008C0F8AE}.Debug|x64.Build.0 = Debug|x64
		{47355F18-B6F8-429C-BF7B-3CC008C0F8AE}.Debug|x86.ActiveCfg = Debug|Win32
		{47355F18-B6F8-429C-BF7B-3CC008C0F8AE}.Debug|x86.Build.0 = Debug|Win32
		{47355F18-B6F8-429C-BF7B-3CC008C0F8AE}.Release|x64.ActiveCfg = Release|x64
		{47355F18-B6F8-429C-BF7B-3CC008C0F8AE}.Release|x64.Build.0 = Release|x64
		{47355F18-B6F8-429C-BF7B-3CC008C0F8AE}.Release|x86.ActiveCfg = Release|Win32
		{47355F18-B6F8-429C-BF7B-3CC008C0F8AE}.Release|x86.Build.0 = Release|Win32
		{CE9ED2AF-81E0-407E-AFBF-007965156D62}.Debug|x64.ActiveCfg = Debug|x64
		{CE9ED2AF-81E0-407E-AFBF-007965156D62}.Debug|x64.Build.0 = Debug|x64
		{CE9ED2AF-81E0-407E-AFBF-007965156D62}.Debug|x86.ActiveCfg = Debug|Win32
		{CE9ED2AF-81E0-407E-AFBF-007965156D62}.Debug|x86.Build.0 = Debug|Win32
		{CE9ED2AF-81E0-407E-AFBF-007965156D62}.Release|x64.ActiveCfg = Release|x64
		{CE9ED2AF-81E0-407E-AFBF-007965156D62}.Release|x64.Build.0 = Release|x64
		{CE9ED2AF-81E0-407E-AFBF-007965156D62}.Release|x86.ActiveCfg = Release|Win32
		{CE9ED2AF-81E0-407E-AFBF-007965156D62}.Release|x86.Build.0 = Release|Win32
		{AA6931F7-5C15-4D16-B7E3-02ACE3CE4300}.Debug|x64.ActiveCfg = Debug|x64
		{AA6931F7-5C15-4D16-B7E3-02ACE3CE4300}.Debug|x64.Build.0 = Debug|x64
		{AA6931F7-5C15-4D16-B7E3-02ACE3CE4300}.Debug|x86.ActiveCfg = Debug|Win32
		{AA6931F7-5C15-4D16-B7E3-02ACE3CE4300}.Debug|x86.Build.0 = Debug|Win32
		{AA6931F7-5C15-4D16-B7E3-02ACE3CE4300}.Release|x64.ActiveCfg = Release|x64
		{AA6931F7-5C15-4D16-B7E3-02ACE3CE4300}.Release|x64.Build.0 = Release|x64
		{AA6931F7-5C15-4D16-B7E3-02ACE3CE4300}.Release|x86.ActiveCfg = Release|Win32
		{AA6931F7-5C15-4D16-B7E3-02ACE3CE4300}.Release|x86.Build.0 = Release|Win32
		{69439DCE-87F1-4231-B752-283A0DD1A384}.Debug|x64.ActiveCfg = Debug|x64
		{69439DCE-87F1-4231-B752-283A0DD1A384}.Debug|x64.Build.0 = Debug|x64
		{69439DCE-87F1-4231-B752-283A0DD1A384}.Debug|x86.ActiveCfg = Debug|Win32
		{69439DCE-87F1-4231-B752-283A0DD1A384}.Debug|x86.Build.0 = Debug|Win32
		{69439DCE-87F1-4231-B752-283A0DD1A384}.Release|x64.ActiveCfg = Release|x64
		{69439DCE-87F1-4231-B752-283A0DD1A384}.Release|x64.Build.0 = Release|x64
		{69439DCE-87F1-4231-B752-283A0DD1A384}.Release|x86.ActiveCfg = Release|Win32
		{69439DCE-87F1-4231-B752-283A0DD1A384}.Release|x86.Build.0 = Release|Win32
		{7ACC1E9B-4E1E-4AF6-90FF-B17D28C29F32}.Debug|x64.ActiveCfg = Debug|x64
		{7ACC1E9B-4E1E-4AF6-90FF-B17D28C29F32}.Debug|x64.Build.0 = Debug|x64
		{7ACC1E9B-4E1E-4AF6-90FF-B17D28C29F32}.Debug|x86.ActiveCfg = Debug|Win32
		{7ACC1E9B-4E1E-4AF6-90FF-B17D28C29F32}.Debug|x86.Build.0 = Debug|Win32
		{7ACC1E9B-4E1E-4AF6-90FF-B17D28C29F32}.Release|x64.ActiveCfg = Release|x64
		{7ACC1E9B-4E1E-4AF6-90FF-B17D28C29F32}.Release|x64.Build.0 = Release|x64
		{7ACC1E9B-4E1E-4AF6-90FF-B17D28C29F32}.Release|x86.ActiveCfg = Release|Win32
		{7ACC1E9B-4E1E-4AF6-90FF-B17D28C29F32}.Release|x86.Build.0 = Release|Win32
		{902D381A-0C46-4901-88C8-F99F3ABA33E6}.Debug|x64.ActiveCfg = Debug|x64
		{902D381A-0C46-4901-88C8-F99F3ABA33E6}.Debug|x64.Build.0 = Debug|x64
		{902D381A-0C46-4901-88C8-F99F3ABA33E6}.Debug|x86.ActiveCfg = Debug|Win32
		{902D381A-0C46-4901-88C8-F99F3ABA33E6}.Debug|x86.Build.0 = Debug|Win32
		{902D381A-0C46-4901-88C8-F99F3ABA33E6}.Release|x64.ActiveCfg = Release|x64
		{902D381A-0C46-4901-88C8-F99F3ABA33E6}.Release|x64.Build.0 = Release|x64
		{902D381A-0C46-4901-88C8-F99F3ABA33E6}.Release|x86.ActiveCfg = Release|Win32
		{902D381A-0C46-4901-88C8-F99F3ABA33E6}.Release|x86.Build.0 = Release|Win32
		{C23A50B5-9A7D-41ED-9AC0-32A8A2A26FBF}.Debug|x64.ActiveCfg = Debug|x64
		{C23A50B5-9A7D-41ED-9AC0-32A8A2A26FBF}.Debug|x64.Build.0 = Debug|x64
		{C23A50B5-9A7D-41ED-9AC0-32A8A2A26FBF}.Debug|x86.ActiveCfg = Debug|Win32
		{C23A50B5-9A7D-41ED-9AC0-32A8A2A26FBF}.Debug|x86.Build.0 = Debug|Win32
		{C23A50B5-9A7D-41ED-9AC0-32A8A2A26FBF}.Release|x64.ActiveCfg = Release|x64
		{C23A50B5-9A7D-41ED-9AC0-32A8A2A26FBF}.Release|x64.Build.0 = Release|x64
		{C23A50B5-9A7D-41ED-9AC0-32A8A2A26FBF}.Release|x86.ActiveCfg = Release|Win32
		{C23A50B5-9A7D-41ED-9AC0-32A8A2A26FBF}.Release|x86.Build.0 = Release|Win32
		{76C174E1-978E-4569-AA0A-E6D601B37E46}.Debug|x64.ActiveCfg = Debug|x64
		{76C174E1-978E-4569-AA0A-E6D601B37E46}.Debug|x64.Build.0 = Debug|x64
		{76C174E1-978E-4569-AA0A-E6D601B37E46}.Debug|x86.ActiveCfg = Debug|Win32
		{76C174E1-978E-4569-AA0A-E6D601B37E46}.Debug|x86.Build.0 = Debug|Win32
		{76C174E1-978E-4569-AA0A-E6D601B37E46}.Release|x64.ActiveCfg = Release|x64
		{76C174E1-978E-4569-AA0A-E6D601B37E46}.Release|x64.Build.0 = Release|x64
		{76C174E1-978E-4569-AA0A-E6D601B37E46}.Release|x86.ActiveCfg = Release|Win32
		{76C174E1-978E-4569-AA0A-E6D601B37E46}.Release|x86.Build.0 = Release|Win32
		{27B64071-3DF4-4F19-9360-C4A0AE1A200A}.Debug|x64.ActiveCfg = Debug|x64
		{27B64071-3DF4-4F19-9360-C4A0AE1A200A}.Debug|x64.Build.0 = Debug|x64
		{27B64071-3DF4-4F19-9360-C4A0AE1A200A}.Debug|x86.ActiveCfg = Debug|Win32
		{27B64071-3DF4-4F19-9360-C4A0AE1A200A}.Debug|x86.Build.0 = Debug|Win32
		{27B64071-3DF4-4F19-9360-C4A0AE1A200A}.Release|x64.ActiveCfg = Release|x64
		{27B64071-3DF4-4F19-9360-C4A0AE1A200A}.Release|x64.Build.0 = Release|x64
		{27B64071-3DF4-4F19-9360-C4A0AE1A200A}.Release|x86.ActiveCfg = Release|Win32
		{27B64071-3DF4-4F19-9360-C4A0AE1A200A}.Release|x86.Build.0 = Release|Win32
		{99DA0D5E-9870-41EA-8D92-2A616AAA67F8}.Debug|x64.ActiveCfg = Debug|x64
		{99DA0D5E-9870-41EA-8D92-2A616AAA67F8}.Debug|x64.Build.0 = Debug|x64
		{99DA0D5E-9870-41EA-8D92-2A616AAA67F8}.Debug|x86.ActiveCfg = Debug|Win32
		{99DA0D5E-9870-41EA-8D92-2A616AAA67F8}.Debug|x86.Build.0 = Debug|Win32
		{99DA0D5E-9870-41EA-8D92-2A616AAA67F8}.Release|x64.ActiveCfg = Release|x64
		{99DA0D5E-9870-41EA-8D92-2A616AAA67F8}.Release|x64.Build.0 = Release|x64
		{99DA0D5E-9870-41EA-8D92-2A616AAA67F8}.Release|x86.ActiveCfg = Release|Win32
		{99DA0D5E-9870-41EA-8D92-2A616AAA67F8}.Release|x86.Build.0 = Release|Win32
		{67ABB9D8-3B10-415E-A792-09C1BA5158D2}.Debug|x64.ActiveCfg = Debug|x64
		{67ABB9D8-3B10-415E-A792-09C1BA5158D2}.Debug|x64.Build.0 = Debug|x64
		{67ABB9D8-3B10-415E-A792-09C1BA5158D2}.Debug|x86.ActiveCfg = Debug|Win32
		{67ABB9D8-3B10-415E-A792-09C1BA5158D2}.Debug|x86.Build.0 = Debug|Win32
		{67ABB9D8-3B10-415E-A792-09C1BA5158D2}.Release|x64.ActiveCfg = Release|x64
		{67ABB9D8-3B10-415E-A792-09C1BA5158D2}.Release|x64.Build.0 = Release|x64
		{67ABB9D8-3B10-415E-A792-09C1BA5158D2}.Release|x86.ActiveCfg = Release|Win32
		{67ABB9D8-3B10-415E-A792-09C1BA5158D2}.Release|x86.Build.0 = Release|Win32
		{01F22F56-1889-44E8-BC99-A7BAE07FAE7B}.Debug|x64.ActiveCfg = Debug|x64
		{01F22F56-1889-44E8-BC99-A7BAE07FAE7B}.Debug|x64.Build.0 = Debug|x64
		{01F22F56-1889-44E8-BC99-A7BAE07FAE7B}.Debug|x86.ActiveCfg = Debug|Win32
		{01F22F56-1889-44E8-BC99-A7BAE07FAE7B}.Debug|x86.Build.0 = Debug|Win32
		{01F22F56-1889-44E8-BC99-A7BAE07FAE7B}.Release|x64.ActiveCfg = Release|x64
		{01F22F56-1889-44E8-BC99-A7BAE07FAE7B}.Release|x64.Build.0 = Release|x64
		{01F22F56-1889-44E8-BC99-A7BAE07FAE7B}.Release|x86.ActiveCfg = Release|Win32
		{01F22F56-1889-44E8-BC99-A7BAE07FAE7B}.Release|x86.Build.0 = Release|Win32
		{A5BC1891-6FB7-476A-A893-955D46A0ACAB}.Debug|x64.ActiveCfg = Debug|x64
		{A5BC1891-6FB7-476A-A893-955D46A0ACAB}.Debug|x64.Build.0 = Debug|x64
		{A5BC1891-6FB7-476A-A893-955D46A0ACAB}.Debug|x86.ActiveCfg = Debug|Win32
		{A5BC1891-6FB7-476A-A893-955D46A0ACAB}.Debug|x86.Build.0 = Debug|Win32
		{A5BC1891-6FB7-476A-A893-955D46A0ACAB}.Release|x64.ActiveCfg = Release|x64
		{A5BC1891-6FB7-476A-A893-955D46A0ACAB}.Release|x64.Build.0 = Release|x64
		{A5BC1891-6FB7-476A-A893-955D46A0ACAB}.Release|x86.ActiveCfg = Release|Win32
		{A5BC1891-6FB7-476A-A893-955D46A0ACAB}.Release|x86.Build.0 = Release|Win32
		{4D535B7F-34A7-4377-B40F-D6F57635CCBB}.Debug|x64.ActiveCfg = Debug|x64
		{4D535B7F-34A7-4377-B40F-D6F57635CCBB}.Debug|x64.Build.0 = Debug|x64
		{4D535B7F-34A7-4377-B40F-D6F57635CCBB}.Debug|x86.ActiveCfg = Debug|Win32
		{4D535B7F-34A7-4377-B40F-D6F57635CCBB}.Debug|x86.Build.0 = Debug|Win32
		{4D535B7F-34A7-4377-B40F-D6F57635CCBB}.Release|x64.ActiveCfg = Release|x64
		{4D535B7F-34A7-4377-B40F-D6F57635CCBB}.Release|x64.Build.0 = Release|x64
		{4D535B7F-34A7-4377-B40F-D6F57635CCBB}.Release|x86.ActiveCfg = Release|Win32
		{4D535B7F-34A7-4377-B40F-D6F57635CCBB}.Release|x86.Build.0 = Release|Win32
		{B5D24808-9FE6-4CCD-B50D-4AAC77B31552}.Debug|x64.ActiveCfg = Debug|x64
		{B5D24808-9FE6-4CCD-B50D-4AAC77B31552}.Debug|x64.Build.0 = Debug|x64
		{B5D24808-9FE6-4CCD-B50D-4AAC77B31552}.Debug|x86.ActiveCfg = Debug|Win32
		{B5D24808-9FE6-4CCD-B50D-4AAC77B31552}.Debug|x86.Build.0 = Debug|Win32
		{B5D24808-9FE6-4CCD-B50D-4AAC77B31552}.Release|x64.ActiveCfg = Release|x64
		{B5D24808-9FE6-4CCD-B50D-4AAC77B31552}.Release|x64.Build.0 = Release|x64
		{B5D24808-9FE6-4CCD-B50D-4AAC77B31552}.Release|x86.ActiveCfg = Release|Win32
		{B5D24808-9FE6-4CCD-B50D-4AAC77B31552}.Release|x86.Build.0 = Release|Win32
		{ADD774C3-3792-4622-8B3F-B6BBBBF7BE00}.Debug|x64.ActiveCfg = Debug|x64
		{ADD774C3-3792-4622-8B3F-B6BBBBF7BE00}.Debug|x64.Build.0 = Debug|x64
		{ADD774C3-3792-4622-8B3F-B6BBBBF7BE00}.Debug|x86.ActiveCfg = Debug|Win32
		{ADD774C3-3792-4622-8B3F-B6BBBBF7BE00}.Debug|x86.Build.0 = Debug|Win32
		{ADD774C3-3792-4622-8B3F-B6BBBBF7BE00}.Release|x64.ActiveCfg = Release|x64
		{ADD774C3-3792-4622-8B3F-B6BBBBF7BE00}.Release|x64.Build.0 = Release|x64
		{ADD774C3-3792-4622-8B3F-B6BBBBF7BE00}.Release|x86.ActiveCfg = Release|Win32
		{ADD774C3-3792-4622-8B3F-B6BBBBF7BE00}.Release|x86.Build.0 = Release|Win32
		{A16F27F2-B41D-4970-B684-9D8AF7098210}.Debug|x64.ActiveCfg = Debug|x64
		{A16F27F2-B41D-4970-B684-9D8AF7098210}.Debug|x64.Build.0 = Debug|x64
		{A16F27F2-B41D-4970-B684-9D8AF7098210}.Debug|x86.ActiveCfg = Debug|Win32
		{A16F27F2-B41D-4970-B684-9D8AF7098210}.Debug|x86.Build.0 = Debug|Win32
		{A16F27F2-B41D-4970-B684-9D8AF7098210}.Release|x64.ActiveCfg = Release|x64
		{A16F27F2-B41D-4970-B684-9D8AF7098210}.Release|x64.Build.0 = Release|x64
		{A16F27F2-B41D-4970-B684-9D8AF7098210}.Release|x86.ActiveCfg = Release|Win32
		{A16F27F2-B41D-4970-B684-9D8AF7098210}.Release|x86.Build.0 = Release|Win32
		{DD11AD10-894E-4D28-AD8C-E6A65B3809D8}.Debug|x64.ActiveCfg = Debug|x64
		{DD11AD10-894E-4D28-AD8C-E6A65B3809D8}.Debug|x64.Build.0 = Debug|x64
		{DD11AD10-894E-4D28-AD8C-E6A65B3809D8}.Debug|x86.ActiveCfg = Debug|Win32
		{DD11AD10-894E-4D28-AD8C-E6A65B3809D8}.Debug|x86.Build.0 = Debug|Win32
		{DD11AD10-894E-4D28-AD8C-E6A65B3809D8}.Release|x64.ActiveCfg = Release|x64
		{DD11AD10-894E-4D28-AD8C-E6A65B3809D8}.Release|x64.Build.0 = Release|x64
		{DD11AD10-894E-4D28-AD8C-E6A65B3809D8}.Release|x86.ActiveCfg = Release|Win32
		{DD11AD10-894E-4D28-AD8C-E6A65B3809D8}.Release|x86.Build.0 = Release|Win32
		{85DDF967-D7AD-4D5B-89BA-CB3C22D71B02}.Debug|x64.ActiveCfg = Debug|x64
		{85DDF967-D7AD-4D5B-89BA-CB3C22D71B02}.Debug|x64.Build.0 = Debug|x64
		{85DDF967-D7AD-4D5B-89BA-CB3C22D71B02}.Debug|x86.ActiveCfg = Debug|Win32
		{85DDF967-D7AD-4D5B-89BA-CB3C22D71B02}.Debug|x86.Build.0 = Debug|Win32
		{85DDF967-D7AD-4D5B-89BA-CB3C22D71B02}.Release|x64.ActiveCfg = Release|x64
		{85DDF967-D7AD-4D5B-89BA-CB3C22D71B02}.Release|x64.Build.0 = Release|x64
		{85DDF967-D7AD-4D5B-89BA-CB3C22D71B02}.Release|x86.ActiveCfg = Release|Win32
		{85DDF967-D7AD-4D5B-89BA-CB3C22D71B02}.Release|x86.Build.0 = Release|Win32
		{AFE8887A-3E60-4FC4-83C3-77B07537C375}.Debug|x64.ActiveCfg = Debug|x64
		{AFE8887A-3E60-4FC4-83C3-77B07537C375}.Debug|x64.Build.0 = Debug|x64
		{AFE8887A-3E60-4FC4-83C3-77B07537C375}.Debug|x86.ActiveCfg = Debug|Win32
		{AFE8887A-3E60-4FC4-83C3-77B07537C375}.Debug|x86.Build.0 = Debug|Win32
		{AFE8887A-3E60-4FC4-83C3-77B07537C375}.Release|x64.ActiveCfg = Release|x64
		{AFE8887A-3E60-4FC4-83C3-77B07537C375}.Release|x64.Build.0 = Release|x64
		{AFE8887A-3E60-4FC4-83C3-77B07537C375}.Release|x86.ActiveCfg = Release|Win32
		{AFE8887A-3E60-4FC4-83C3-77B07537C375}.Release|x86.Build.0 = Release|Win32
		{6E4FB7EB-3647-453E-873D-C990974C9D5C}.Debug|x64.ActiveCfg = Debug|x64
		{6E4FB7EB-3647-453E-873D-C990974C9D5C}.Debug|x64.Build.0 = Debug|x64
		{6E4FB7EB-3647-453E-873D-C990974C9D5C}.Debug|x86.ActiveCfg = Debug|Win32
		{6E4FB7EB-3647-453E-873D-C990974C9D5C}.Debug|x86.Build.0 = Debug|Win32
		{6E4FB7EB-3647-453E-873D-C990974C9D5C}.Release|x64.ActiveCfg = Release|x64
		{6E4FB7EB-3647-453E-873D-C990974C9D5C}.Release|x64.Build.0 = Release|x64
		{6E4FB7EB-3647-453E-873D-C990974C9D5C}.Release|x86.ActiveCfg = Release|Win32
		{6E4FB7EB-3647-453E-873D-C990974C9D5C}.Release|x86.Build.0 = Release|Win32
		{59EE89F4-9C8A-4217-8224-8B4AE8DDB7CB}.Debug|x64.ActiveCfg = Debug|x64
		{59EE89F4-9C8A-4217-8224-8B4AE8DDB7CB}.Debug|x64.Build.0 = Debug|x64
		{59EE89F4-9C8A-4217-8224-8B4AE8DDB7CB}.Debug|x86.ActiveCfg = Debug|Win32
		{59EE89F4-9C8A-4217-8224-8B4AE8DDB7CB}.Debug|x86.Build.0 = Debug|Win32
		{59EE89F4-9C8A-4217-8224-8B4AE8DDB7CB}.Release|x64.ActiveCfg = Release|x64
		{59EE89F4-9C8A-4217-8224-8B4AE8DDB7CB}.Release|x64.Build.0 = Release|x64
		{59EE89F4-9C8A-4217-8224-8B4AE8DDB7CB}.Release|x86.ActiveCfg = Release|Win32
		{59EE89F4-9C8A-4217-8224-8B4AE8DDB7CB}.Release|x86.Build.0 = Release|Win32
		{49CC9C2F-C25F-4DF4-812C-5114CBE5C387}.Debug|x64.ActiveCfg = Debug|x64
		{49CC9C2F-C25F-4DF4-812C-5114CBE5C387}.Debug|x64.Build.0 = Debug|x64
		{49CC9C2F-C25F-4DF4-812C-5114CBE5C387}.Debug|x86.ActiveCfg = Debug|Win32
		{49CC9C2F-C25F-4DF4-812C-5114CBE5C387}.Debug|x86.Build.0 = Debug|Win32
		{49CC9C2F-C25F-4DF4-812C-5114CBE5C387}.Release|x64.ActiveCfg = Release|x64
		{49CC9C2F-C25F-4DF4-812C-5114CBE5C387}.Release|x64.Build.0 = Release|x64
		{49CC9C2F-C25F-4DF4-812C-5114CBE5C387}.Release|x86.ActiveCfg = Release|Win32
		{49CC9C2F-C25F-4DF4-812C-5114CBE5C387}.Release|x86.Build.0 = Release|Win32
		{27A4BBD8-826A-46CA-8184-2C0476424410}.Debug|x64.ActiveCfg = Debug|x64
		{27A4BBD8-826A-46CA-8184-2C0476424410}.Debug|x64.Build.0 = Debug|x64
		{27A4BBD8-826A-46CA-8184-2C0476424410}.Debug|x86.ActiveCfg = Debug|Win32
		{27A4BBD8-826A-46CA-8184-2C0476424410}.Debug|x86.Build.0 = Debug|Win32
		{27A4BBD8-826A-46CA-8184-2C0476424410}.Release|x64.ActiveCfg = Release|x64
		{27A4BBD8-826A-46CA-8184-2C0476424410}.Release|x64.Build.0 = Release|x64
		{27A4BBD8-826A-46CA-8184-2C0476424410}.Release|x86.ActiveCfg = Release|Win32
		{27A4BBD8-826A-46CA-8184-2C0476424410}.Release|x86.Build.0 = Release|Win32
		{74EEC6F3-E02B-4AD5-8405-EFAB37567375}.Debug|x64.ActiveCfg = Debug|x64
		{74EEC6F3-E02B-4AD5-8405-EFAB37567375}.Debug|x64.Build.0 = Debug|x64
		{74EEC6F3-E02B-4AD5-8405-EFAB37567375}.Debug|x86.ActiveCfg = Debug|Win32
		{74EEC6F3-E02B-4AD5-8405-EFAB37567375}.Debug|x86.Build.0 = Debug|Win32
		{74EEC6F3-E02B-4AD5-8405-EFAB37567375}.Release|x64.ActiveCfg = Release|x64
		{74EEC6F3-E02B-4AD5-8405-EFAB37567375}.Release|x64.Build.0 = Release|x64
		{74EEC6F3-E02B-4AD5-8405-EFAB37567375}.Release|x86.ActiveCfg = Release|Win32
		{74EEC6F3-E02B-4AD5-8405-EFAB37567375}.Release|x86.Build.0 = Release|Win32
		{2AB0B9EB-56A2-461A-81FB-7947B5CA8E69}.Debug|x64.ActiveCfg = Debug|x64
		{2AB0B9EB-56A2-461A-81FB-7947B5CA8E69}.Debug|x64.Build.0 = Debug|x64
		{2AB0B9EB-56A2-461A-81FB-7947B5CA8E69}.Debug|x86.ActiveCfg = Debug|Win32
		{2AB0B9EB-56A2-461A-81FB-7947B5CA8E69}.Debug|x86.Build.0 = Debug|Win32
		{2AB0B9EB-56A2-461A-81FB-7947B5CA8E69}.Release|x64.ActiveCfg = Release|x64
		{2AB0B9EB-56A2-461A-81FB-7947B5CA8E69}.Release|x64.Build.0 = Release|x64
		{2AB0B9EB-56A2-461A-81FB-7947B5CA8E69}.Release|x86.ActiveCfg = Release|Win32
		{2AB0B9EB-56A2-461A-81FB-7947B5CA8E69}.Release|x86.Build.0 = Release|Win32
		{9D81065E-E98E-44E6-9A67-3272A1F5DCA2}.Debug|x64.ActiveCfg = Debug|x64
		{9D81065E-E98E-44E6-9A67-3272A1F5DCA2}.Debug|x64.Build.0 = Debug|x64
		{9D81065E-E98E-44E6-9A67-3272A1F5DCA2}.Debug|x86.ActiveCfg = Debug|Win32
		{9D81065E-E98E-44E6-9A67-3272A1F5DCA2}.Debug|x86.Build.0 = Debug|Win32
		{9D81065E-E98E-44E6-9A67-3272A1F5DCA2}.Release|x64.ActiveCfg = Release|x64
		{9D81065E-E98E-44E6-9A67-3272A1F5DCA2}.Release|x64.Build.0 = Release|x64
		{9D81065E-E98E-44E6-9A67-3272A1F5DCA2}.Release|x86.ActiveCfg = Release|Win32
		{9D81065E-E98E-44E6-9A67-3272A1F5DCA2}.Release|x86.Build.0 = Release|Win32
		{E9421761-E2BA-4755-92E8-8775DA435160}.Debug|x64.ActiveCfg = Debug|x64
		{E9421761-E2BA-4755-92E8-8775DA435160}.Debug|x64.Build.0 = Debug|x64
		{E9421761-E2BA-4755-92E8-8775DA435160}.Debug|x86.ActiveCfg = Debug|Win32
		{E9421761-E2BA-4755-92E8-8775DA435160}.Debug|x86.Build.0 = Debug|Win32
		{E9421761-E2BA-4755-92E8-8775DA435160}.Release|x64.ActiveCfg = Release|x64
		{E9421761-E2BA-4755-92E8-8775DA435160}.Release|x64.Build.0 = Release|x64
		{E9421761-E2BA-4755-92E8-8775DA435160}.Release|x86.ActiveCfg = Release|Win32
		{E9421761-E2BA-4755-92E8-8775DA435160}.Release|x86.Build.0 = Release|Win32
		{F2AEEF21-5877-45C7-B26A-940F3708E08E}.Debug|x64.ActiveCfg = Debug|x64
		{F2AEEF21-5877-45C7-B26A-940F3708E08E}.Debug|x64.Build.0 = Debug|x64
		{F2AEEF21-5877-45C7-B26A-940F3708E08E}.Debug|x86.ActiveCfg = Debug|Win32
		{F2AEEF21-5877-45C7-B26A-940F3708E08E}.Debug|x86.Build.0 = Debug|Win32
		{F2AEEF21-5877-45C7-B26A-940F3708E08E}.Release|x64.ActiveCfg = Release|x64
		{F2AEEF21-5877-45C7-B26A-940F3708E08E}.Release|x64.Build.0 = Release|x64
		{F2AEEF21-5877-45C7-B26A-940F3708E08E}.Release|x86.ActiveCfg = Release|Win32
		{F2AEEF21-5877-45C7-B26A-940F3708E08E}.Release|x86.Build.0 = Release|Win32
		{9D6CF085-D64A-4767-ABD7-131114FC3F3A}.Debug|x64.ActiveCfg = Debug|x64
		{9D6CF085-D64A-4767-ABD7-131114FC3F3A}.Debug|x64.Build.0 = Debug|x64
		{9D6CF085-D64A-4767-ABD7-131114FC3F3A}.Debug|x86.ActiveCfg = Debug|Win32
		{9D6CF085-D64A-4767-ABD7-131114FC3F3A}.Debug|x86.Build.0 = Debug|Win32
		{9D6CF085-D64A-4767-ABD7-131114FC3F3A}.Release|x64.ActiveCfg = Release|x64
		{9D6CF085-D64A-4767-ABD7-131114FC3F3A}.Release|x64.Build.0 = Release|x64
		{9D6CF085-D64A-4767-ABD7-131114FC3F3A}.Release|x86.ActiveCfg = Release|Win32
		{9D6CF085-D64A-4767-ABD7-131114FC3F3A}.Release|x86.Build.0 = Release|Win32
		{3ED6FB78-D165-47F8-8CA1-4B77C746FD7E}.Debug|x64.ActiveCfg = Debug|x64
		{3ED6FB78-D165-47F8-8CA1-4B77C746FD7E}.Debug|x64.Build.0 = Debug|x64
		{3ED6FB78-D165-47F8-8CA1-4B77C746FD7E}.Debug|x86.ActiveCfg = Debug|Win32
		{3ED6FB78-D165-47F8-8CA1-4B77C746FD7E}.Debug|x86.Build.0 = Debug|Win32
		{3ED6FB78-D165-47F8-8CA1-4B77C746FD7E}.Release|x64.ActiveCfg = Release|x64
		{3ED6FB78-D165-47F8-8CA1-4B77C746FD7E}.Release|x64.Build.0 = Release|x64
		{3ED6FB78-D165-47F8-8CA1-4B77C746FD7E}.Release|x86.ActiveCfg = Release|Win32
		{3ED6FB78-D165-47F8-8CA1-4B77C746FD7E}.Release|x86.Build.0 = Release|Win32
		{85863B95-FAC3-4CD5-8747-752EEF3570BA}.Debug|x64.ActiveCfg = Debug|x64
		{85863B95-FAC3-4CD5-8747-752EEF3570BA}.Debug|x64.Build.0 = Debug|x64
		{85863B95-FAC3-4CD5-8747-752EEF3570BA}.Debug|x86.ActiveCfg = Debug|Win32
		{85863B95-FAC3-4CD5-8747-752EEF3570BA}.Debug|x86.Build.0 = Debug|Win32
		{85863B95-FAC3-4CD5-8747-752EEF3570BA}.Release|x64.ActiveCfg = Release|x64
		{85863B95-FAC3-4CD5-8747-752EEF3570BA}.Release|x64.Build.0 = Release|x64
		{85863B95-FAC3-4CD5-8747-752EEF3570BA}.Release|x86.ActiveCfg = Release|Win32
		{85863B95-FAC3-4CD5-8747-752EEF3570BA}.Release|x86.Build.0 = Release|Win32
		{FF4CAFB3-FC75-450A-A33D-2E858ECFD988}.Debug|x64.ActiveCfg = Debug|x64
		{FF4CAFB3-FC75-450A-A33D-2E858ECFD988}.Debug|x64.Build.0 = Debug|x64
		{FF4CAFB3-FC75-450A-A33D-2E858ECFD988}.Debug|x86.ActiveCfg = Debug|Win32
		{FF4CAFB3-FC75-450A-A33D-2E858ECFD988}.Debug|x86.Build.0 = Debug|Win32
		{FF4CAFB3-FC75-450A-A33D-2E858ECFD988}.Release|x64.ActiveCfg = Release|x64
		{FF4CAFB3-FC75-450A-A33D-2E858ECFD988}.Release|x64.Build.0 = Release|x64
		{FF4CAFB3-FC75-450A-A33D-2E858ECFD988}.Release|x86.ActiveCfg = Release|Win32
		{FF4CAFB3-FC75-450A-A33D-2E858ECFD988}.Release|x86.Build.0 = Release|Win32
		{79CBD9A9-F14B-4436-A5E2-E6633655C815}.Debug|x64.ActiveCfg = Debug|x64
		{79CBD9A9-F14B-4436-A5E2-E6633655C815}.Debug|x64.Build.0 = Debug|x64
		{79CBD9A9-F14B-4436-A5E2-E6633655C815}.Debug|x86.ActiveCfg = Debug|Win32
		{79CBD9A9-F14B-4436-A5E2-E6633655C815}.Debug|x86.Build.0 = Debug|Win32
		{79CBD9A9-F14B-4436-A5E2-E6633655C815}.Release|x64.ActiveCfg = Release|x64
		{79CBD9A9-F14B-4436-A5E2-E6633655C815}.Release|x64.Build.0 = Release|x64
		{79CBD9A9-F14B-4436-A5E2-E6633655C815}.Release|x86.ActiveCfg = Release|Win32
		{79CBD9A9-F14B-4436-A5E2-E6633655C815}.Release|x86.Build.0 = Release|Win32
		{E437F896-E1E6-4C68-A3A3-0D69EF977B81}.Debug|x64.ActiveCfg = Debug|x64
		{E437F896-E1E6-4C68-A3A3-0D69EF977B81}.Debug|x64.Build.0 = Debug|x64
		{E437F896-E1E6-4C68-A3A3-0D69EF977B81}.Debug|x86.ActiveCfg = Debug|Win32
		{E437F896-E1E6-4C68-A3A3-0D69EF977B81}.Debug|x86.Build.0 = Debug|Win32
		{E437F896-E1E6-4C68-A3A3-0D69EF977B81}.Release|x64.ActiveCfg = Release|x64
		{E437F896-E1E6-4C68-A3A3-0D69EF977B81}.Release|x64.Build.0 = Release|x64
		{E437F896-E1E6-4C68-A3A3-0D69EF977B81}.Release|x86.ActiveCfg = Release|Win32
		{E437F896-E1E6-4C68-A3A3-0D69EF977B81}.Release|x86.Build.0 = Release|Win32
		{A2F31F79-238C-43D5-9515-4EFF6E014C73}.Debug|x64.ActiveCfg = Debug|x64
		{A2F31F79-238C-43D5-9515-4EFF6E014C73}.Debug|x64.Build.0 = Debug|x64
		{A2F31F79-238C-43D5-9515-4EFF6E014C73}.Debug|x86.ActiveCfg = Debug|Win32
		{A2F31F79-238C-43D5-9515-4EFF6E014C73}.Debug|x86.Build.0 = Debug|Win32
		{A2F31F79-238C-43D5-9515-4EFF6E014C73}.Release|x64.ActiveCfg = Release|x64
		{A2F31F79-238C-43D5-9515-4EFF6E014C73}.Release|x64.Build.0 = Release|x64
		{A2F31F79-238C-43D5-9515-4EFF6E014C73}.Release|x86.ActiveCfg = Release|Win32
		{A2F31F79-238C-43D5-9515-4EFF6E014C73}.Release|x86.Build.0 = Release|Win32
		{142D8C21-1541-4008-898B-68813AC87449}.Debug|x64.ActiveCfg = Debug|x64
		{142D8C21-1541-4008-898B-68813AC87449}.Debug|x64.Build.0 = Debug|x64
		{142D8C21-1541-4008-898B-68813AC87449}.Debug|x86.ActiveCfg = Debug|Win32
		{142D8C21-1541-4008-898B-68813AC87449}.Debug|x86.Build.0 = Debug|Win32
		{142D8C21-1541-4008-898B-68813AC87449}.Release|x64.ActiveCfg = Release|x64
		{142D8C21-1541-4008-898B-68813AC87449}.Release|x64.Build.0 = Release|x64
		{142D8C21-1541-4008-898B-68813AC87449}.Release|x86.ActiveCfg = Release|Win32
		{142D8C21-1541-4008-898B-68813AC87449}.Release|x86.Build.0 = Release|Win32
		{A34CAE1F-09E1-4A0A-9237-CF5FCCF272E7}.Debug|x64.ActiveCfg = Debug|x64
		{A34CAE1F-09E1-4A0A-9237-CF5FCCF272E7}.Debug|x64.Build.0 = Debug|x64
		{A34CAE1F-09E1-4A0A-9237-CF5FCCF272E7}.Debug|x86.ActiveCfg = Debug|Win32
		{A34CAE1F-09E1-4A0A-9237-CF5FCCF272E7}.Debug|x86.Build.0 = Debug|Win32
		{A34CAE1F-09E1-4A0A-9237-CF5FCCF272E7}.Release|x64.ActiveCfg = Release|x64
		{A34CAE1F-09E1-4A0A-9237-CF5FCCF272E7}.Release|x64.Build.0 = Release|x64
		{A34CAE1F-09E1-4A0A-9237-CF5FCCF272E7}.Release|x86.ActiveCfg = Release|Win32
		{A34CAE1F-09E1-4A0A-9237-CF5FCCF272E7}.Release|x86.Build.0 = Release|Win32
		{2506E531-40A2-47EB-AEAC-862349E05AB1}.Debug|x64.ActiveCfg = Debug|x64
		{2506E531-40A2-47EB-AEAC-862349E05AB1}.Debug|x64.Build.0 = Debug|x64
		{2506E531-40A2-47EB-AEAC-862349E05AB1}.Debug|x86.ActiveCfg = Debug|Win32
		{2506E531-40A2-47EB-AEAC-862349E05AB1}.Debug|x86.Build.0 = Debug|Win32
		{2506E531-40A2-47EB-AEAC-862349E05AB1}.Release|x64.ActiveCfg = Release|x64
		{2506E531-40A2-47EB-AEAC-862349E05AB1}.Release|x64.Build.0 = Release|x64
		{2506E531-40A2-47EB-AEAC-862349E05AB1}.Release|x86.ActiveCfg = Release|Win32
		{2506E531-40A2-47EB-AEAC-862349E05AB1}.Release|x86.Build.0 = Release|Win32
		{77AB4C64-3C1D-4500-B32C-BA99F35881B0}.Debug|x64.ActiveCfg = Debug|x64
		{77AB4C64-3C1D-4500-B32C-BA99F35881B0}.Debug|x64.Build.0 = Debug|x64
		{77AB4C64-3C1D-4500-B32C-BA99F35881B0}.Debug|x86.ActiveCfg = Debug|Win32
		{77AB4C64-3C1D-4500-B32C-BA99F35881B0}.Debug|x86.Build.0 = Debug|Win32
		{77AB4C64-3C1D-4500-B32C-BA99F35881B0}.Release|x64.ActiveCfg = Release|x64
		{77AB4C64-3C1D-4500-B32C-BA99F35881B0}.Release|x64.Build.0 = Release|x64
		{77AB4C64-3C1D-4500-B32C-BA99F35881B0}.Release|x86.ActiveCfg = Release|Win32
		{77AB4C64-3C1D-4500-B32C-BA99F35881B0}.Release|x86.Build.0 = Release|Win32
		{3736B2D1-11B1-419D-BCD6-118E7F5DC9B1}.Debug|x64.ActiveCfg = Debug|x64
		{3736B2D1-11B1-419D-BCD6-118E7F5DC9B1}.Debug|x64.Build.0 = Debug|x64
		{3736B2D1-11B1-419D-BCD6-118E7F5DC9B1}.Debug|x86.ActiveCfg = Debug|Win32
		{3736B2D1-11B1-419D-BCD6-118E7F5DC9B1}.Debug|x86.Build.0 = Debug|Win32
		{3736B2D1-11B1-419D-BCD6-118E7F5DC9B1}.Release|x64.ActiveCfg = Release|x64
		{3736B2D1-11B1-419D-BCD6-118E7F5DC9B1}.Release|x64.Build.0 = Release|x64
		{3736B2D1-11B1-419D-BCD6-118E7F5DC9B1}.Release|x86.ActiveCfg = Release|Win32
		{3736B2D1-11B1-419D-BCD6-118E7F5DC9B1}.Release|x86.Build.0 = Release|Win32
		{BB447E42-5854-4102-9BD8-68ECFBAD6F9B}.Debug|x64.ActiveCfg = Debug|x64
		{BB447E42-5854-4102-9BD8-68ECFBAD6F9B}.Debug|x64.Build.0 = Debug|x64
		{BB447E42-5854-4102-9BD8-68ECFBAD6F9B}.Debug|x86.ActiveCfg = Debug|Win32
		{BB447E42-5854-4102-9BD8-68ECFBAD6F9B}.Debug|x86.Build.0 = Debug|Win32
		{BB447E42-5854-4102-9BD8-68ECFBAD6F9B}.Release|x64.ActiveCfg = Release|x64
		{BB447E42-5854-4102-9BD8-68ECFBAD6F9B}.Release|x64.Build.0 = Release|x64
		{BB447E42-5854-4102-9BD8-68ECFBAD6F9B}.Release|x86.ActiveCfg = Release|Win32
		{BB447E42-5854-4102-9BD8-68ECFBAD6F9B}.Release|x86.Build.0 = Release|Win32
		{2D4C688D-9BF0-43F4-8AB7-7E3988975242}.Debug|x64.ActiveCfg = Debug|x64
		{2D4C688D-9BF0-43F4-8AB7-7E3988975242}.Debug|x64.Build.0 = Debug|x64
		{2D4C688D-9BF0-43F4-8AB7-7E3988975242}.Debug|x86.ActiveCfg = Debug|Win32
		{2D4C688D-9BF0-43F4-8AB7-7E3988975242}.Debug|x86.Build.0 = Debug|Win32
		{2D4C688D-9BF0-43F4-8AB7-7E3988975242}.Release|x64.ActiveCfg = Release|x64
		{2D4C688D-9BF0-43F4-8AB7-7E3988975242}.Release|x64.Build.0 = Release|x64
		{2D4C688D-9BF0-43F4-8AB7-7E3988975242}.Release|x86.ActiveCfg = Release|Win32
		{2D4C688D-9BF0-43F4-8AB7-7E3988975242}.Release|x86.Build.0 = Release|Win32
		{30B754D2-26F4-4974-8848-1C09FCF2FB96}.Debug|x64.ActiveCfg = Debug|x64
		{30B754D2-26F4-4974-8848-1C09FCF2FB96}.Debug|x64.Build.0 = Debug|x64
		{30B754D2-26F4-4974-8848-1C09FCF2FB96}.Debug|x86.ActiveCfg = Debug|Win32
		{30B754D2-26F4-4974-8848-1C09FCF2FB96}.Debug|x86.Build.0 = Debug|Win32
		{30B754D2-26F4-4974-8848-1C09FCF2FB96}.Release|x64.ActiveCfg = Release|x64
		{30B754D2-26F4-4974-8848-1C09FCF2FB96}.Release|x64.Build.0 = Release|x64
		{30B754D2-26F4-4974-8848-1C09FCF2FB96}.Release|x86.ActiveCfg = Release|Win32
		{30B754D2-26F4-4974-8848-1C09FCF2FB96}.Release|x86.Build.0 = Release|Win32
		{05258BE7-836E-4AA0-8DAC-A649B7F3A5FF}.Debug|x64.ActiveCfg = Debug|x64
		{05258BE7-836E-4AA0-8DAC-A649B7F3A5FF}.Debug|x64.Build.0 = Debug|x64
		{05258BE7-836E-4AA0-8DAC-A649B7F3A5FF}.Debug|x86.ActiveCfg = Debug|Win32
		{05258BE7-836E-4AA0-8DAC-A649B7F3A5FF}.Debug|x86.Build.0 = Debug|Win32
		{05258BE7-836E-4AA0-8DAC-A649B7F3A5FF}.Release|x64.ActiveCfg = Release|x64
		{05258BE7-836E-4AA0-8DAC-A649B7F3A5FF}.Release|x64.Build.0 = Release|x64
		{05258BE7-836E-4AA0-8DAC-A649B7F3A5FF}.Release|x86.ActiveCfg = Release|Win32
		{05258BE7-836E-4AA0-8DAC-A649B7F3A5FF}.Release|x86.Build.0 = Release|Win32
		{47446730-C569-46BC-8440-6B8FB1A49282}.Debug|x64.ActiveCfg = Debug|x64
		{47446730-C569-46BC-8440-6B8FB1A49282}.Debug|x64.Build.0 = Debug|x64
		{47446730-C569-46BC-8440-6B8FB1A49282}.Debug|x86.ActiveCfg = Debug|Win32
		{47446730-C569-46BC-8440-6B8FB1A49282}.Debug|x86.Build.0 = Debug|Win32
		{47446730-C569-46BC-8440-6B8FB1A49282}.Release|x64.ActiveCfg = Release|x64
		{47446730-C569-46BC-8440-6B8FB1A49282}.Release|x64.Build.0 = Release|x64
		{47446730-C569-46BC-8440-6B8FB1A49282}.Release|x86.ActiveCfg = Release|Win32
		{47446730-C569-46BC-8440-6B8FB1A49282}.Release|x86.Build.0 = Release|Win32
		{D7313D89-A4D0-4977-A7F6-BE3E9C2C8848}.Debug|x64.ActiveCfg = Debug|x64
		{D7313D89-A4D0-4977-A7F6-BE3E9C2C8848}.Debug|x64.Build.0 = Debug|x64
		{D7313D89-A4D0-4977-A7F6-BE3E9C2C8848}.Debug|x86.ActiveCfg = Debug|Win32
		{D7313D89-A4D0-4977-A7F6-BE3E9C2C8848}.Debug|x86.Build.0 = Debug|Win32
		{D7313D89-A4D0-4977-A7F6-BE3E9C2C8848}.Release|x64.ActiveCfg = Release|x64
		{D7313D89-A4D0-4977-A7F6-BE3E9C2C8848}.Release|x64.Build.0 = Release|x64
		{D7313D89-A4D0-4977-A7F6-BE3E9C2C8848}.Release|x86.ActiveCfg = Release|Win32
		{D7313D89-A4D0-4977-A7F6-BE3E9C2C8848}.Release|x86.Build.0 = Release|Win32
		{00FF531D-FFF8-4FF0-BDC9-BF358E401246}.Debug|x64.ActiveCfg = Debug|x64
		{00FF531D-FFF8-4FF0-BDC9-BF358E401246}.Debug|x64.Build.0 = Debug|x64
		{00FF531D-FFF8-4FF0-BDC9-BF358E401246}.Debug|x86.ActiveCfg = Debug|Win32
		{00FF531D-FFF8-4FF0-BDC9-BF358E401246}.Debug|x86.Build.0 = Debug|Win32
		{00FF531D-FFF8-4FF0-BDC9-BF358E401246}.Release|x64.ActiveCfg = Release|x64
		{00FF531D-FFF8-4FF0-BDC9-BF358E401246}.Release|x64.Build.0 = Release|x64
		{00FF531D-FFF8-4FF0-BDC9-BF358E401246}.Release|x86.ActiveCfg = Release|Win32
		{00FF531D-FFF8-4FF0-BDC9-BF358E401246}.Release|x86.Build.0 = Release|Win32
		{A3DC34D5-9D6A-4863-90BB-8EA926B4707D}.Debug|x64.ActiveCfg = Debug|x64
		{A3DC34D5-9D6A-4863-90BB-8EA926B4707D}.Debug|x64.Build.0 = Debug|x64
		{A3DC34D5-9D6A-4863-90BB-8EA926B4707D}.Debug|x86.ActiveCfg = Debug|Win32
		{A3DC34D5-9D6A-4863-90BB-8EA926B4707D}.Debug|x86.Build.0 = Debug|Win32
		{A3DC34D5-9D6A-4863-90BB-8EA926B4707D}.Release|x64.ActiveCfg = Release|x64
		{A3DC34D5-9D6A-4863-90BB-8EA926B4707D}.Release|x64.Build.0 = Release|x64
		{A3DC34D5-9D6A-4863-90BB-8EA926B4707D}.Release|x86.ActiveCfg = Release|Win32
		{A3DC34D5-9D6A-4863-90BB-8EA926B4707D}.Release|x86.Build.0 = Release|Win32
	EndGlobalSection
	GlobalSection(SolutionProperties) = preSolution
		HideSolutionNode = FALSE
	EndGlobalSection
	GlobalSection(ExtensibilityGlobals) = postSolution
		SolutionGuid = {B9C731F7-6820-4A64-99A0-F2E3AF297255}
	EndGlobalSection
EndGlobal
