
Microsoft Visual Studio Solution File, Format Version 12.00
# Visual Studio Version 17
VisualStudioVersion = 17.8.34316.72
MinimumVisualStudioVersion = 10.0.40219.1
Project("{8BC9CEB8-8B4A-11D0-8D11-00A0C91BC942}") = "Main32", "Main32\Main32.vcxproj", "{7A00721F-36FE-4F1F-B487-CE2497BFCB75}"
EndProject
Project("{8BC9CEB8-8B4A-11D0-8D11-00A0C91BC942}") = "MainConsole", "MainConsole\MainConsole.vcxproj", "{781D0EA3-0313-4A3B-908F-71B47469008B}"
EndProject
Project("{8BC9CEB8-8B4A-11D0-8D11-00A0C91BC942}") = "Barebone32", "Barebone32\Barebone32.vcxproj", "{E1F03E51-5F9A-4C3B-AEBB-A58FE5FEDC94}"
EndProject
Project("{8BC9CEB8-8B4A-11D0-8D11-00A0C91BC942}") = "BareboneConsole", "BareboneConsole\BareboneConsole.vcxproj", "{B852A36B-3AC3-4FE2-862D-B2F3D2C9ED05}"
EndProject
Project("{8BC9CEB8-8B4A-11D0-8D11-00A0C91BC942}") = "TString32", "TString32\TString32.vcxproj", "{06187D3B-E8E9-486C-AB04-A2BE8E7554F5}"
EndProject
Project("{8BC9CEB8-8B4A-11D0-8D11-00A0C91BC942}") = "TStringConsole", "TStringConsole\TStringConsole.vcxproj", "{9613C36E-70F9-4EE1-876C-4B81E38C2BB5}"
EndProject
Global
	GlobalSection(SolutionConfigurationPlatforms) = preSolution
		Debug|x64 = Debug|x64
		Debug|x86 = Debug|x86
		Release|x64 = Release|x64
		Release|x86 = Release|x86
	EndGlobalSection
	GlobalSection(ProjectConfigurationPlatforms) = postSolution
		{7A00721F-36FE-4F1F-B487-CE2497BFCB75}.Debug|x64.ActiveCfg = Debug|x64
		{7A00721F-36FE-4F1F-B487-CE2497BFCB75}.Debug|x64.Build.0 = Debug|x64
		{7A00721F-36FE-4F1F-B487-CE2497BFCB75}.Debug|x86.ActiveCfg = Debug|Win32
		{7A00721F-36FE-4F1F-B487-CE2497BFCB75}.Debug|x86.Build.0 = Debug|Win32
		{7A00721F-36FE-4F1F-B487-CE2497BFCB75}.Release|x64.ActiveCfg = Release|x64
		{7A00721F-36FE-4F1F-B487-CE2497BFCB75}.Release|x64.Build.0 = Release|x64
		{7A00721F-36FE-4F1F-B487-CE2497BFCB75}.Release|x86.ActiveCfg = Release|Win32
		{7A00721F-36FE-4F1F-B487-CE2497BFCB75}.Release|x86.Build.0 = Release|Win32
		{781D0EA3-0313-4A3B-908F-71B47469008B}.Debug|x64.ActiveCfg = Debug|x64
		{781D0EA3-0313-4A3B-908F-71B47469008B}.Debug|x64.Build.0 = Debug|x64
		{781D0EA3-0313-4A3B-908F-71B47469008B}.Debug|x86.ActiveCfg = Debug|Win32
		{781D0EA3-0313-4A3B-908F-71B47469008B}.Debug|x86.Build.0 = Debug|Win32
		{781D0EA3-0313-4A3B-908F-71B47469008B}.Release|x64.ActiveCfg = Release|x64
		{781D0EA3-0313-4A3B-908F-71B47469008B}.Release|x64.Build.0 = Release|x64
		{781D0EA3-0313-4A3B-908F-71B47469008B}.Release|x86.ActiveCfg = Release|Win32
		{781D0EA3-0313-4A3B-908F-71B47469008B}.Release|x86.Build.0 = Release|Win32
		{E1F03E51-5F9A-4C3B-AEBB-A58FE5FEDC94}.Debug|x64.ActiveCfg = Debug|x64
		{E1F03E51-5F9A-4C3B-AEBB-A58FE5FEDC94}.Debug|x64.Build.0 = Debug|x64
		{E1F03E51-5F9A-4C3B-AEBB-A58FE5FEDC94}.Debug|x86.ActiveCfg = Debug|Win32
		{E1F03E51-5F9A-4C3B-AEBB-A58FE5FEDC94}.Debug|x86.Build.0 = Debug|Win32
		{E1F03E51-5F9A-4C3B-AEBB-A58FE5FEDC94}.Release|x64.ActiveCfg = Release|x64
		{E1F03E51-5F9A-4C3B-AEBB-A58FE5FEDC94}.Release|x64.Build.0 = Release|x64
		{E1F03E51-5F9A-4C3B-AEBB-A58FE5FEDC94}.Release|x86.ActiveCfg = Release|Win32
		{E1F03E51-5F9A-4C3B-AEBB-A58FE5FEDC94}.Release|x86.Build.0 = Release|Win32
		{B852A36B-3AC3-4FE2-862D-B2F3D2C9ED05}.Debug|x64.ActiveCfg = Debug|x64
		{B852A36B-3AC3-4FE2-862D-B2F3D2C9ED05}.Debug|x64.Build.0 = Debug|x64
		{B852A36B-3AC3-4FE2-862D-B2F3D2C9ED05}.Debug|x86.ActiveCfg = Debug|Win32
		{B852A36B-3AC3-4FE2-862D-B2F3D2C9ED05}.Debug|x86.Build.0 = Debug|Win32
		{B852A36B-3AC3-4FE2-862D-B2F3D2C9ED05}.Release|x64.ActiveCfg = Release|x64
		{B852A36B-3AC3-4FE2-862D-B2F3D2C9ED05}.Release|x64.Build.0 = Release|x64
		{B852A36B-3AC3-4FE2-862D-B2F3D2C9ED05}.Release|x86.ActiveCfg = Release|Win32
		{B852A36B-3AC3-4FE2-862D-B2F3D2C9ED05}.Release|x86.Build.0 = Release|Win32
		{06187D3B-E8E9-486C-AB04-A2BE8E7554F5}.Debug|x64.ActiveCfg = Debug|x64
		{06187D3B-E8E9-486C-AB04-A2BE8E7554F5}.Debug|x64.Build.0 = Debug|x64
		{06187D3B-E8E9-486C-AB04-A2BE8E7554F5}.Debug|x86.ActiveCfg = Debug|Win32
		{06187D3B-E8E9-486C-AB04-A2BE8E7554F5}.Debug|x86.Build.0 = Debug|Win32
		{06187D3B-E8E9-486C-AB04-A2BE8E7554F5}.Release|x64.ActiveCfg = Release|x64
		{06187D3B-E8E9-486C-AB04-A2BE8E7554F5}.Release|x64.Build.0 = Release|x64
		{06187D3B-E8E9-486C-AB04-A2BE8E7554F5}.Release|x86.ActiveCfg = Release|Win32
		{06187D3B-E8E9-486C-AB04-A2BE8E7554F5}.Release|x86.Build.0 = Release|Win32
		{9613C36E-70F9-4EE1-876C-4B81E38C2BB5}.Debug|x64.ActiveCfg = Debug|x64
		{9613C36E-70F9-4EE1-876C-4B81E38C2BB5}.Debug|x64.Build.0 = Debug|x64
		{9613C36E-70F9-4EE1-876C-4B81E38C2BB5}.Debug|x86.ActiveCfg = Debug|Win32
		{9613C36E-70F9-4EE1-876C-4B81E38C2BB5}.Debug|x86.Build.0 = Debug|Win32
		{9613C36E-70F9-4EE1-876C-4B81E38C2BB5}.Release|x64.ActiveCfg = Release|x64
		{9613C36E-70F9-4EE1-876C-4B81E38C2BB5}.Release|x64.Build.0 = Release|x64
		{9613C36E-70F9-4EE1-876C-4B81E38C2BB5}.Release|x86.ActiveCfg = Release|Win32
		{9613C36E-70F9-4EE1-876C-4B81E38C2BB5}.Release|x86.Build.0 = Release|Win32
	EndGlobalSection
	GlobalSection(SolutionProperties) = preSolution
		HideSolutionNode = FALSE
	EndGlobalSection
	GlobalSection(ExtensibilityGlobals) = postSolution
		SolutionGuid = {B9C731F7-6820-4A64-99A0-F2E3AF297255}
	EndGlobalSection
EndGlobal
